// !$*UTF8*$!
{
	archiveVersion = 1;
	classes = {
	};
	objectVersion = 50;
	objects = {

/* Begin PBXBuildFile section */
		CE6DDB2121F30E270019E643 /* utils.cc in Sources */ = {isa = PBXBuildFile; fileRef = CE6DDB1F21F30E270019E643 /* utils.cc */; };
		CEB504BC21F2CDB800D8C46B /* Assets.xcassets in Resources */ = {isa = PBXBuildFile; fileRef = CEB504BB21F2CDB800D8C46B /* Assets.xcassets */; };
		CEB504C221F2CDB800D8C46B /* main.mm in Sources */ = {isa = PBXBuildFile; fileRef = CEB504C121F2CDB800D8C46B /* main.mm */; };
		CEB504D321F2CDDC00D8C46B /* Assets.xcassets in Resources */ = {isa = PBXBuildFile; fileRef = CEB504D221F2CDDC00D8C46B /* Assets.xcassets */; };
		CEB504D921F2CDDC00D8C46B /* main.mm in Sources */ = {isa = PBXBuildFile; fileRef = CEB504D821F2CDDC00D8C46B /* main.mm */; };
		CEB5052921F2E1B100D8C46B /* client_handler_std.cc in Sources */ = {isa = PBXBuildFile; fileRef = CEB504E321F2E1B100D8C46B /* client_handler_std.cc */; };
		CEB5052E21F2E1B100D8C46B /* browser_window_std_mac.mm in Sources */ = {isa = PBXBuildFile; fileRef = CEB504ED21F2E1B100D8C46B /* browser_window_std_mac.mm */; };
		CEB5053121F2E1B100D8C46B /* main_context_impl_posix.cc in Sources */ = {isa = PBXBuildFile; fileRef = CEB504F121F2E1B100D8C46B /* main_context_impl_posix.cc */; };
		CEB5053421F2E1B100D8C46B /* image_cache.cc in Sources */ = {isa = PBXBuildFile; fileRef = CEB504F421F2E1B100D8C46B /* image_cache.cc */; };
		CEB5053521F2E1B100D8C46B /* root_window_mac.mm in Sources */ = {isa = PBXBuildFile; fileRef = CEB504F621F2E1B100D8C46B /* root_window_mac.mm */; };
		CEB5053A21F2E1B100D8C46B /* root_window_create.cc in Sources */ = {isa = PBXBuildFile; fileRef = CEB504FE21F2E1B100D8C46B /* root_window_create.cc */; };
		CEB5053B21F2E1B100D8C46B /* root_window.cc in Sources */ = {isa = PBXBuildFile; fileRef = CEB5050021F2E1B100D8C46B /* root_window.cc */; };
		CEB5053C21F2E1B100D8C46B /* client_handler.cc in Sources */ = {isa = PBXBuildFile; fileRef = CEB5050421F2E1B100D8C46B /* client_handler.cc */; };
		CEB5053E21F2E1B100D8C46B /* temp_window_mac.mm in Sources */ = {isa = PBXBuildFile; fileRef = CEB5050821F2E1B100D8C46B /* temp_window_mac.mm */; };
		CEB5053F21F2E1B100D8C46B /* main_context_impl.cc in Sources */ = {isa = PBXBuildFile; fileRef = CEB5050A21F2E1B100D8C46B /* main_context_impl.cc */; };
		CEB5054021F2E1B100D8C46B /* browser_window.cc in Sources */ = {isa = PBXBuildFile; fileRef = CEB5050E21F2E1B100D8C46B /* browser_window.cc */; };
		CEB5054421F2E1B100D8C46B /* main_context.cc in Sources */ = {isa = PBXBuildFile; fileRef = CEB5051921F2E1B100D8C46B /* main_context.cc */; };
		CEB5054821F2E1B100D8C46B /* bytes_write_handler.cc in Sources */ = {isa = PBXBuildFile; fileRef = CEB5052321F2E1B100D8C46B /* bytes_write_handler.cc */; };
		CEB5054A21F2E1B100D8C46B /* root_window_manager.cc in Sources */ = {isa = PBXBuildFile; fileRef = CEB5052721F2E1B100D8C46B /* root_window_manager.cc */; };
		CEB5057621F2E2F900D8C46B /* main_message_loop_external_pump.cc in Sources */ = {isa = PBXBuildFile; fileRef = CEB5055621F2E2F900D8C46B /* main_message_loop_external_pump.cc */; };
		CEB5057721F2E2F900D8C46B /* resource_util_posix.cc in Sources */ = {isa = PBXBuildFile; fileRef = CEB5055A21F2E2F900D8C46B /* resource_util_posix.cc */; };
		CEB5057821F2E2F900D8C46B /* extension_util.cc in Sources */ = {isa = PBXBuildFile; fileRef = CEB5055C21F2E2F900D8C46B /* extension_util.cc */; };
		CEB5057921F2E2F900D8C46B /* geometry_util.cc in Sources */ = {isa = PBXBuildFile; fileRef = CEB5055D21F2E2F900D8C46B /* geometry_util.cc */; };
		CEB5057B21F2E2F900D8C46B /* resource_util_mac.mm in Sources */ = {isa = PBXBuildFile; fileRef = CEB5056021F2E2F900D8C46B /* resource_util_mac.mm */; };
		CEB5057C21F2E2F900D8C46B /* file_util.cc in Sources */ = {isa = PBXBuildFile; fileRef = CEB5056121F2E2F900D8C46B /* file_util.cc */; };
		CEB5057D21F2E2F900D8C46B /* main_message_loop_std.cc in Sources */ = {isa = PBXBuildFile; fileRef = CEB5056221F2E2F900D8C46B /* main_message_loop_std.cc */; };
		CEB5057E21F2E2F900D8C46B /* main_message_loop_external_pump_mac.mm in Sources */ = {isa = PBXBuildFile; fileRef = CEB5056321F2E2F900D8C46B /* main_message_loop_external_pump_mac.mm */; };
		CEB5057F21F2E2F900D8C46B /* main_message_loop.cc in Sources */ = {isa = PBXBuildFile; fileRef = CEB5056521F2E2F900D8C46B /* main_message_loop.cc */; };
		CEB5058221F2E2F900D8C46B /* client_switches.cc in Sources */ = {isa = PBXBuildFile; fileRef = CEB5056B21F2E2F900D8C46B /* client_switches.cc */; };
/* End PBXBuildFile section */

/* Begin PBXFileReference section */
		CE6DDB1F21F30E270019E643 /* utils.cc */ = {isa = PBXFileReference; lastKnownFileType = sourcecode.cpp.cpp; path = utils.cc; sourceTree = "<group>"; };
		CE6DDB2021F30E270019E643 /* utils.h */ = {isa = PBXFileReference; lastKnownFileType = sourcecode.c.h; path = utils.h; sourceTree = "<group>"; };
		CEB504B521F2CDB700D8C46B /* CEFLab.app */ = {isa = PBXFileReference; explicitFileType = wrapper.application; includeInIndex = 0; path = CEFLab.app; sourceTree = BUILT_PRODUCTS_DIR; };
		CEB504BB21F2CDB800D8C46B /* Assets.xcassets */ = {isa = PBXFileReference; lastKnownFileType = folder.assetcatalog; path = Assets.xcassets; sourceTree = "<group>"; };
		CEB504C021F2CDB800D8C46B /* Info.plist */ = {isa = PBXFileReference; lastKnownFileType = text.plist.xml; path = Info.plist; sourceTree = "<group>"; };
		CEB504C121F2CDB800D8C46B /* main.mm */ = {isa = PBXFileReference; lastKnownFileType = sourcecode.cpp.objcpp; path = main.mm; sourceTree = "<group>"; };
		CEB504C321F2CDB800D8C46B /* CEFLab.entitlements */ = {isa = PBXFileReference; lastKnownFileType = text.plist.entitlements; path = CEFLab.entitlements; sourceTree = "<group>"; };
		CEB504CD21F2CDDB00D8C46B /* CEFLab Helper.app */ = {isa = PBXFileReference; explicitFileType = wrapper.application; includeInIndex = 0; path = "CEFLab Helper.app"; sourceTree = BUILT_PRODUCTS_DIR; };
		CEB504D221F2CDDC00D8C46B /* Assets.xcassets */ = {isa = PBXFileReference; lastKnownFileType = folder.assetcatalog; path = Assets.xcassets; sourceTree = "<group>"; };
		CEB504D721F2CDDC00D8C46B /* Info.plist */ = {isa = PBXFileReference; lastKnownFileType = text.plist.xml; path = Info.plist; sourceTree = "<group>"; };
		CEB504D821F2CDDC00D8C46B /* main.mm */ = {isa = PBXFileReference; lastKnownFileType = sourcecode.cpp.objcpp; path = main.mm; sourceTree = "<group>"; };
		CEB504DA21F2CDDC00D8C46B /* CEFLab_Helper.entitlements */ = {isa = PBXFileReference; lastKnownFileType = text.plist.entitlements; path = CEFLab_Helper.entitlements; sourceTree = "<group>"; };
		CEB504DF21F2D1D200D8C46B /* CEFLab Helper.entitlements */ = {isa = PBXFileReference; lastKnownFileType = text.plist.entitlements; path = "CEFLab Helper.entitlements"; sourceTree = "<group>"; };
		CEB504E321F2E1B100D8C46B /* client_handler_std.cc */ = {isa = PBXFileReference; fileEncoding = 4; lastKnownFileType = sourcecode.cpp.cpp; path = client_handler_std.cc; sourceTree = "<group>"; };
		CEB504E721F2E1B100D8C46B /* temp_window.h */ = {isa = PBXFileReference; fileEncoding = 4; lastKnownFileType = sourcecode.c.h; path = temp_window.h; sourceTree = "<group>"; };
		CEB504ED21F2E1B100D8C46B /* browser_window_std_mac.mm */ = {isa = PBXFileReference; fileEncoding = 4; lastKnownFileType = sourcecode.cpp.objcpp; path = browser_window_std_mac.mm; sourceTree = "<group>"; };
		CEB504F121F2E1B100D8C46B /* main_context_impl_posix.cc */ = {isa = PBXFileReference; fileEncoding = 4; lastKnownFileType = sourcecode.cpp.cpp; path = main_context_impl_posix.cc; sourceTree = "<group>"; };
		CEB504F421F2E1B100D8C46B /* image_cache.cc */ = {isa = PBXFileReference; fileEncoding = 4; lastKnownFileType = sourcecode.cpp.cpp; path = image_cache.cc; sourceTree = "<group>"; };
		CEB504F621F2E1B100D8C46B /* root_window_mac.mm */ = {isa = PBXFileReference; fileEncoding = 4; lastKnownFileType = sourcecode.cpp.objcpp; path = root_window_mac.mm; sourceTree = "<group>"; };
		CEB504FE21F2E1B100D8C46B /* root_window_create.cc */ = {isa = PBXFileReference; fileEncoding = 4; lastKnownFileType = sourcecode.cpp.cpp; path = root_window_create.cc; sourceTree = "<group>"; };
		CEB5050021F2E1B100D8C46B /* root_window.cc */ = {isa = PBXFileReference; fileEncoding = 4; lastKnownFileType = sourcecode.cpp.cpp; path = root_window.cc; sourceTree = "<group>"; };
		CEB5050121F2E1B100D8C46B /* main_context.h */ = {isa = PBXFileReference; fileEncoding = 4; lastKnownFileType = sourcecode.c.h; path = main_context.h; sourceTree = "<group>"; };
		CEB5050321F2E1B100D8C46B /* client_handler.h */ = {isa = PBXFileReference; fileEncoding = 4; lastKnownFileType = sourcecode.c.h; path = client_handler.h; sourceTree = "<group>"; };
		CEB5050421F2E1B100D8C46B /* client_handler.cc */ = {isa = PBXFileReference; fileEncoding = 4; lastKnownFileType = sourcecode.cpp.cpp; path = client_handler.cc; sourceTree = "<group>"; };
		CEB5050721F2E1B100D8C46B /* root_window.h */ = {isa = PBXFileReference; fileEncoding = 4; lastKnownFileType = sourcecode.c.h; path = root_window.h; sourceTree = "<group>"; };
		CEB5050821F2E1B100D8C46B /* temp_window_mac.mm */ = {isa = PBXFileReference; fileEncoding = 4; lastKnownFileType = sourcecode.cpp.objcpp; path = temp_window_mac.mm; sourceTree = "<group>"; };
		CEB5050921F2E1B100D8C46B /* client_handler_std.h */ = {isa = PBXFileReference; fileEncoding = 4; lastKnownFileType = sourcecode.c.h; path = client_handler_std.h; sourceTree = "<group>"; };
		CEB5050A21F2E1B100D8C46B /* main_context_impl.cc */ = {isa = PBXFileReference; fileEncoding = 4; lastKnownFileType = sourcecode.cpp.cpp; path = main_context_impl.cc; sourceTree = "<group>"; };
		CEB5050D21F2E1B100D8C46B /* main_context_impl.h */ = {isa = PBXFileReference; fileEncoding = 4; lastKnownFileType = sourcecode.c.h; path = main_context_impl.h; sourceTree = "<group>"; };
		CEB5050E21F2E1B100D8C46B /* browser_window.cc */ = {isa = PBXFileReference; fileEncoding = 4; lastKnownFileType = sourcecode.cpp.cpp; path = browser_window.cc; sourceTree = "<group>"; };
		CEB5051021F2E1B100D8C46B /* root_window_mac.h */ = {isa = PBXFileReference; fileEncoding = 4; lastKnownFileType = sourcecode.c.h; path = root_window_mac.h; sourceTree = "<group>"; };
		CEB5051421F2E1B100D8C46B /* client_types.h */ = {isa = PBXFileReference; fileEncoding = 4; lastKnownFileType = sourcecode.c.h; path = client_types.h; sourceTree = "<group>"; };
		CEB5051821F2E1B100D8C46B /* image_cache.h */ = {isa = PBXFileReference; fileEncoding = 4; lastKnownFileType = sourcecode.c.h; path = image_cache.h; sourceTree = "<group>"; };
		CEB5051921F2E1B100D8C46B /* main_context.cc */ = {isa = PBXFileReference; fileEncoding = 4; lastKnownFileType = sourcecode.cpp.cpp; path = main_context.cc; sourceTree = "<group>"; };
		CEB5051A21F2E1B100D8C46B /* temp_window_mac.h */ = {isa = PBXFileReference; fileEncoding = 4; lastKnownFileType = sourcecode.c.h; path = temp_window_mac.h; sourceTree = "<group>"; };
		CEB5051C21F2E1B100D8C46B /* bytes_write_handler.h */ = {isa = PBXFileReference; fileEncoding = 4; lastKnownFileType = sourcecode.c.h; path = bytes_write_handler.h; sourceTree = "<group>"; };
		CEB5052021F2E1B100D8C46B /* browser_window.h */ = {isa = PBXFileReference; fileEncoding = 4; lastKnownFileType = sourcecode.c.h; path = browser_window.h; sourceTree = "<group>"; };
		CEB5052121F2E1B100D8C46B /* browser_window_std_mac.h */ = {isa = PBXFileReference; fileEncoding = 4; lastKnownFileType = sourcecode.c.h; path = browser_window_std_mac.h; sourceTree = "<group>"; };
		CEB5052321F2E1B100D8C46B /* bytes_write_handler.cc */ = {isa = PBXFileReference; fileEncoding = 4; lastKnownFileType = sourcecode.cpp.cpp; path = bytes_write_handler.cc; sourceTree = "<group>"; };
		CEB5052621F2E1B100D8C46B /* root_window_manager.h */ = {isa = PBXFileReference; fileEncoding = 4; lastKnownFileType = sourcecode.c.h; path = root_window_manager.h; sourceTree = "<group>"; };
		CEB5052721F2E1B100D8C46B /* root_window_manager.cc */ = {isa = PBXFileReference; fileEncoding = 4; lastKnownFileType = sourcecode.cpp.cpp; path = root_window_manager.cc; sourceTree = "<group>"; };
		CEB5055621F2E2F900D8C46B /* main_message_loop_external_pump.cc */ = {isa = PBXFileReference; fileEncoding = 4; lastKnownFileType = sourcecode.cpp.cpp; path = main_message_loop_external_pump.cc; sourceTree = "<group>"; };
		CEB5055721F2E2F900D8C46B /* main_message_loop_std.h */ = {isa = PBXFileReference; fileEncoding = 4; lastKnownFileType = sourcecode.c.h; path = main_message_loop_std.h; sourceTree = "<group>"; };
		CEB5055821F2E2F900D8C46B /* extension_util.h */ = {isa = PBXFileReference; fileEncoding = 4; lastKnownFileType = sourcecode.c.h; path = extension_util.h; sourceTree = "<group>"; };
		CEB5055A21F2E2F900D8C46B /* resource_util_posix.cc */ = {isa = PBXFileReference; fileEncoding = 4; lastKnownFileType = sourcecode.cpp.cpp; path = resource_util_posix.cc; sourceTree = "<group>"; };
		CEB5055B21F2E2F900D8C46B /* file_util.h */ = {isa = PBXFileReference; fileEncoding = 4; lastKnownFileType = sourcecode.c.h; path = file_util.h; sourceTree = "<group>"; };
		CEB5055C21F2E2F900D8C46B /* extension_util.cc */ = {isa = PBXFileReference; fileEncoding = 4; lastKnownFileType = sourcecode.cpp.cpp; path = extension_util.cc; sourceTree = "<group>"; };
		CEB5055D21F2E2F900D8C46B /* geometry_util.cc */ = {isa = PBXFileReference; fileEncoding = 4; lastKnownFileType = sourcecode.cpp.cpp; path = geometry_util.cc; sourceTree = "<group>"; };
		CEB5055E21F2E2F900D8C46B /* main_message_loop_external_pump.h */ = {isa = PBXFileReference; fileEncoding = 4; lastKnownFileType = sourcecode.c.h; path = main_message_loop_external_pump.h; sourceTree = "<group>"; };
		CEB5056021F2E2F900D8C46B /* resource_util_mac.mm */ = {isa = PBXFileReference; fileEncoding = 4; lastKnownFileType = sourcecode.cpp.objcpp; path = resource_util_mac.mm; sourceTree = "<group>"; };
		CEB5056121F2E2F900D8C46B /* file_util.cc */ = {isa = PBXFileReference; fileEncoding = 4; lastKnownFileType = sourcecode.cpp.cpp; path = file_util.cc; sourceTree = "<group>"; };
		CEB5056221F2E2F900D8C46B /* main_message_loop_std.cc */ = {isa = PBXFileReference; fileEncoding = 4; lastKnownFileType = sourcecode.cpp.cpp; path = main_message_loop_std.cc; sourceTree = "<group>"; };
		CEB5056321F2E2F900D8C46B /* main_message_loop_external_pump_mac.mm */ = {isa = PBXFileReference; fileEncoding = 4; lastKnownFileType = sourcecode.cpp.objcpp; path = main_message_loop_external_pump_mac.mm; sourceTree = "<group>"; };
		CEB5056421F2E2F900D8C46B /* main_message_loop.h */ = {isa = PBXFileReference; fileEncoding = 4; lastKnownFileType = sourcecode.c.h; path = main_message_loop.h; sourceTree = "<group>"; };
		CEB5056521F2E2F900D8C46B /* main_message_loop.cc */ = {isa = PBXFileReference; fileEncoding = 4; lastKnownFileType = sourcecode.cpp.cpp; path = main_message_loop.cc; sourceTree = "<group>"; };
		CEB5056621F2E2F900D8C46B /* geometry_util.h */ = {isa = PBXFileReference; fileEncoding = 4; lastKnownFileType = sourcecode.c.h; path = geometry_util.h; sourceTree = "<group>"; };
		CEB5056721F2E2F900D8C46B /* resource_util.h */ = {isa = PBXFileReference; fileEncoding = 4; lastKnownFileType = sourcecode.c.h; path = resource_util.h; sourceTree = "<group>"; };
		CEB5056B21F2E2F900D8C46B /* client_switches.cc */ = {isa = PBXFileReference; fileEncoding = 4; lastKnownFileType = sourcecode.cpp.cpp; path = client_switches.cc; sourceTree = "<group>"; };
		CEB5056C21F2E2F900D8C46B /* client_switches.h */ = {isa = PBXFileReference; fileEncoding = 4; lastKnownFileType = sourcecode.c.h; path = client_switches.h; sourceTree = "<group>"; };
/* End PBXFileReference section */

/* Begin PBXFrameworksBuildPhase section */
		CEB504B221F2CDB700D8C46B /* Frameworks */ = {
			isa = PBXFrameworksBuildPhase;
			buildActionMask = 2147483647;
			files = (
			);
			runOnlyForDeploymentPostprocessing = 0;
		};
		CEB504CA21F2CDDB00D8C46B /* Frameworks */ = {
			isa = PBXFrameworksBuildPhase;
			buildActionMask = 2147483647;
			files = (
			);
			runOnlyForDeploymentPostprocessing = 0;
		};
/* End PBXFrameworksBuildPhase section */

/* Begin PBXGroup section */
		CE6DDB1E21F30DF70019E643 /* utils */ = {
			isa = PBXGroup;
			children = (
				CE6DDB1F21F30E270019E643 /* utils.cc */,
				CE6DDB2021F30E270019E643 /* utils.h */,
			);
			path = utils;
			sourceTree = "<group>";
		};
		CEB504AC21F2CDB700D8C46B = {
			isa = PBXGroup;
			children = (
				CEB504B721F2CDB700D8C46B /* CEFLab */,
				CEB504CE21F2CDDC00D8C46B /* CEFLab Helper */,
				CEB504B621F2CDB700D8C46B /* Products */,
			);
			sourceTree = "<group>";
		};
		CEB504B621F2CDB700D8C46B /* Products */ = {
			isa = PBXGroup;
			children = (
				CEB504B521F2CDB700D8C46B /* CEFLab.app */,
				CEB504CD21F2CDDB00D8C46B /* CEFLab Helper.app */,
			);
			name = Products;
			sourceTree = "<group>";
		};
		CEB504B721F2CDB700D8C46B /* CEFLab */ = {
			isa = PBXGroup;
			children = (
				CE6DDB1E21F30DF70019E643 /* utils */,
				CEB5054B21F2E2F900D8C46B /* shared */,
				CEB504E021F2E1B100D8C46B /* browser */,
				CEB504BB21F2CDB800D8C46B /* Assets.xcassets */,
				CEB504C021F2CDB800D8C46B /* Info.plist */,
				CEB504C121F2CDB800D8C46B /* main.mm */,
				CEB504C321F2CDB800D8C46B /* CEFLab.entitlements */,
			);
			path = CEFLab;
			sourceTree = "<group>";
		};
		CEB504CE21F2CDDC00D8C46B /* CEFLab Helper */ = {
			isa = PBXGroup;
			children = (
				CEB504DF21F2D1D200D8C46B /* CEFLab Helper.entitlements */,
				CEB504D221F2CDDC00D8C46B /* Assets.xcassets */,
				CEB504D721F2CDDC00D8C46B /* Info.plist */,
				CEB504D821F2CDDC00D8C46B /* main.mm */,
				CEB504DA21F2CDDC00D8C46B /* CEFLab_Helper.entitlements */,
			);
			path = "CEFLab Helper";
			sourceTree = "<group>";
		};
		CEB504E021F2E1B100D8C46B /* browser */ = {
			isa = PBXGroup;
			children = (
				CEB5052121F2E1B100D8C46B /* browser_window_std_mac.h */,
				CEB504ED21F2E1B100D8C46B /* browser_window_std_mac.mm */,
				CEB5050E21F2E1B100D8C46B /* browser_window.cc */,
				CEB5052021F2E1B100D8C46B /* browser_window.h */,
				CEB5052321F2E1B100D8C46B /* bytes_write_handler.cc */,
				CEB5051C21F2E1B100D8C46B /* bytes_write_handler.h */,
				CEB504E321F2E1B100D8C46B /* client_handler_std.cc */,
				CEB5050921F2E1B100D8C46B /* client_handler_std.h */,
				CEB5050421F2E1B100D8C46B /* client_handler.cc */,
				CEB5050321F2E1B100D8C46B /* client_handler.h */,
				CEB5051421F2E1B100D8C46B /* client_types.h */,
				CEB504F421F2E1B100D8C46B /* image_cache.cc */,
				CEB5051821F2E1B100D8C46B /* image_cache.h */,
				CEB504F121F2E1B100D8C46B /* main_context_impl_posix.cc */,
				CEB5050A21F2E1B100D8C46B /* main_context_impl.cc */,
				CEB5050D21F2E1B100D8C46B /* main_context_impl.h */,
				CEB5051921F2E1B100D8C46B /* main_context.cc */,
				CEB5050121F2E1B100D8C46B /* main_context.h */,
				CEB504FE21F2E1B100D8C46B /* root_window_create.cc */,
				CEB5051021F2E1B100D8C46B /* root_window_mac.h */,
				CEB504F621F2E1B100D8C46B /* root_window_mac.mm */,
				CEB5052721F2E1B100D8C46B /* root_window_manager.cc */,
				CEB5052621F2E1B100D8C46B /* root_window_manager.h */,
				CEB5050021F2E1B100D8C46B /* root_window.cc */,
				CEB5050721F2E1B100D8C46B /* root_window.h */,
				CEB5051A21F2E1B100D8C46B /* temp_window_mac.h */,
				CEB5050821F2E1B100D8C46B /* temp_window_mac.mm */,
				CEB504E721F2E1B100D8C46B /* temp_window.h */,
			);
			path = browser;
			sourceTree = "<group>";
		};
		CEB5054B21F2E2F900D8C46B /* shared */ = {
			isa = PBXGroup;
			children = (
				CEB5055521F2E2F900D8C46B /* browser */,
				CEB5056821F2E2F900D8C46B /* common */,
			);
			path = shared;
			sourceTree = "<group>";
		};
		CEB5055521F2E2F900D8C46B /* browser */ = {
			isa = PBXGroup;
			children = (
				CEB5055C21F2E2F900D8C46B /* extension_util.cc */,
				CEB5055821F2E2F900D8C46B /* extension_util.h */,
				CEB5056121F2E2F900D8C46B /* file_util.cc */,
				CEB5055B21F2E2F900D8C46B /* file_util.h */,
				CEB5055D21F2E2F900D8C46B /* geometry_util.cc */,
				CEB5056621F2E2F900D8C46B /* geometry_util.h */,
				CEB5056321F2E2F900D8C46B /* main_message_loop_external_pump_mac.mm */,
				CEB5055621F2E2F900D8C46B /* main_message_loop_external_pump.cc */,
				CEB5055E21F2E2F900D8C46B /* main_message_loop_external_pump.h */,
				CEB5056221F2E2F900D8C46B /* main_message_loop_std.cc */,
				CEB5055721F2E2F900D8C46B /* main_message_loop_std.h */,
				CEB5056521F2E2F900D8C46B /* main_message_loop.cc */,
				CEB5056421F2E2F900D8C46B /* main_message_loop.h */,
				CEB5056021F2E2F900D8C46B /* resource_util_mac.mm */,
				CEB5055A21F2E2F900D8C46B /* resource_util_posix.cc */,
				CEB5056721F2E2F900D8C46B /* resource_util.h */,
			);
			path = browser;
			sourceTree = "<group>";
		};
		CEB5056821F2E2F900D8C46B /* common */ = {
			isa = PBXGroup;
			children = (
				CEB5056B21F2E2F900D8C46B /* client_switches.cc */,
				CEB5056C21F2E2F900D8C46B /* client_switches.h */,
			);
			path = common;
			sourceTree = "<group>";
		};
/* End PBXGroup section */

/* Begin PBXNativeTarget section */
		CEB504B421F2CDB700D8C46B /* CEFLab */ = {
			isa = PBXNativeTarget;
			buildConfigurationList = CEB504C621F2CDB800D8C46B /* Build configuration list for PBXNativeTarget "CEFLab" */;
			buildPhases = (
				CEB504B121F2CDB700D8C46B /* Sources */,
				CEB504B221F2CDB700D8C46B /* Frameworks */,
				CEB504B321F2CDB700D8C46B /* Resources */,
				CEB504DE21F2CEEF00D8C46B /* ShellScript */,
			);
			buildRules = (
			);
			dependencies = (
			);
			name = CEFLab;
			productName = CEFLab;
			productReference = CEB504B521F2CDB700D8C46B /* CEFLab.app */;
			productType = "com.apple.product-type.application";
		};
		CEB504CC21F2CDDB00D8C46B /* CEFLab Helper */ = {
			isa = PBXNativeTarget;
			buildConfigurationList = CEB504DB21F2CDDC00D8C46B /* Build configuration list for PBXNativeTarget "CEFLab Helper" */;
			buildPhases = (
				CEB504C921F2CDDB00D8C46B /* Sources */,
				CEB504CA21F2CDDB00D8C46B /* Frameworks */,
				CEB504CB21F2CDDB00D8C46B /* Resources */,
			);
			buildRules = (
			);
			dependencies = (
			);
			name = "CEFLab Helper";
			productName = "CEFLab Helper";
			productReference = CEB504CD21F2CDDB00D8C46B /* CEFLab Helper.app */;
			productType = "com.apple.product-type.application";
		};
/* End PBXNativeTarget section */

/* Begin PBXProject section */
		CEB504AD21F2CDB700D8C46B /* Project object */ = {
			isa = PBXProject;
			attributes = {
				LastUpgradeCheck = 1010;
				ORGANIZATIONNAME = kztool;
				TargetAttributes = {
					CEB504B421F2CDB700D8C46B = {
						CreatedOnToolsVersion = 10.1;
						SystemCapabilities = {
							com.apple.Sandbox = {
								enabled = 0;
							};
						};
					};
					CEB504CC21F2CDDB00D8C46B = {
						CreatedOnToolsVersion = 10.1;
						SystemCapabilities = {
							com.apple.Sandbox = {
								enabled = 1;
							};
						};
					};
				};
			};
			buildConfigurationList = CEB504B021F2CDB700D8C46B /* Build configuration list for PBXProject "CEFLab" */;
			compatibilityVersion = "Xcode 9.3";
			developmentRegion = en;
			hasScannedForEncodings = 0;
			knownRegions = (
				en,
				Base,
			);
			mainGroup = CEB504AC21F2CDB700D8C46B;
			productRefGroup = CEB504B621F2CDB700D8C46B /* Products */;
			projectDirPath = "";
			projectRoot = "";
			targets = (
				CEB504B421F2CDB700D8C46B /* CEFLab */,
				CEB504CC21F2CDDB00D8C46B /* CEFLab Helper */,
			);
		};
/* End PBXProject section */

/* Begin PBXResourcesBuildPhase section */
		CEB504B321F2CDB700D8C46B /* Resources */ = {
			isa = PBXResourcesBuildPhase;
			buildActionMask = 2147483647;
			files = (
				CEB504BC21F2CDB800D8C46B /* Assets.xcassets in Resources */,
			);
			runOnlyForDeploymentPostprocessing = 0;
		};
		CEB504CB21F2CDDB00D8C46B /* Resources */ = {
			isa = PBXResourcesBuildPhase;
			buildActionMask = 2147483647;
			files = (
				CEB504D321F2CDDC00D8C46B /* Assets.xcassets in Resources */,
			);
			runOnlyForDeploymentPostprocessing = 0;
		};
/* End PBXResourcesBuildPhase section */

/* Begin PBXShellScriptBuildPhase section */
		CEB504DE21F2CEEF00D8C46B /* ShellScript */ = {
			isa = PBXShellScriptBuildPhase;
			buildActionMask = 2147483647;
			files = (
			);
			inputFileListPaths = (
			);
			inputPaths = (
			);
			outputFileListPaths = (
			);
			outputPaths = (
			);
			runOnlyForDeploymentPostprocessing = 0;
			shellPath = /bin/sh;
			shellScript = "Contents=\"${BUILT_PRODUCTS_DIR}/${TARGET_NAME}.app/Contents\"\nrm -rf \"${Contents}/Frameworks\"\nmkdir -p \"${Contents}/Frameworks\"\ncp -r \"${SRCROOT}/libcef/${CONFIGURATION}/Chromium Embedded Framework.framework\" \"${Contents}/Frameworks/\"\ncp -r \"${SRCROOT}/Carthage/Build/Mac/CocoaLumberjack.framework\" \"${Contents}/Frameworks/\"\ncp -r \"${SRCROOT}/Carthage/Build/Mac/SVGKit.framework\" \"${Contents}/Frameworks/\"\ncp -r \"${BUILT_PRODUCTS_DIR}/${TARGET_NAME} Helper.app\" \"${Contents}/Frameworks/\"\n";
		};
/* End PBXShellScriptBuildPhase section */

/* Begin PBXSourcesBuildPhase section */
		CEB504B121F2CDB700D8C46B /* Sources */ = {
			isa = PBXSourcesBuildPhase;
			buildActionMask = 2147483647;
			files = (
				CEB5057B21F2E2F900D8C46B /* resource_util_mac.mm in Sources */,
				CEB5052921F2E1B100D8C46B /* client_handler_std.cc in Sources */,
				CEB5053E21F2E1B100D8C46B /* temp_window_mac.mm in Sources */,
				CEB5053521F2E1B100D8C46B /* root_window_mac.mm in Sources */,
				CEB5053F21F2E1B100D8C46B /* main_context_impl.cc in Sources */,
				CEB5054021F2E1B100D8C46B /* browser_window.cc in Sources */,
				CEB5057F21F2E2F900D8C46B /* main_message_loop.cc in Sources */,
				CEB5054A21F2E1B100D8C46B /* root_window_manager.cc in Sources */,
				CEB5057921F2E2F900D8C46B /* geometry_util.cc in Sources */,
				CEB5057621F2E2F900D8C46B /* main_message_loop_external_pump.cc in Sources */,
				CEB5053421F2E1B100D8C46B /* image_cache.cc in Sources */,
				CEB504C221F2CDB800D8C46B /* main.mm in Sources */,
				CEB5053121F2E1B100D8C46B /* main_context_impl_posix.cc in Sources */,
				CEB5053C21F2E1B100D8C46B /* client_handler.cc in Sources */,
				CEB5057E21F2E2F900D8C46B /* main_message_loop_external_pump_mac.mm in Sources */,
				CEB5057721F2E2F900D8C46B /* resource_util_posix.cc in Sources */,
				CEB5052E21F2E1B100D8C46B /* browser_window_std_mac.mm in Sources */,
				CEB5053A21F2E1B100D8C46B /* root_window_create.cc in Sources */,
				CEB5057D21F2E2F900D8C46B /* main_message_loop_std.cc in Sources */,
				CEB5057821F2E2F900D8C46B /* extension_util.cc in Sources */,
				CEB5054421F2E1B100D8C46B /* main_context.cc in Sources */,
				CEB5054821F2E1B100D8C46B /* bytes_write_handler.cc in Sources */,
				CEB5058221F2E2F900D8C46B /* client_switches.cc in Sources */,
				CEB5053B21F2E1B100D8C46B /* root_window.cc in Sources */,
				CE6DDB2121F30E270019E643 /* utils.cc in Sources */,
				CEB5057C21F2E2F900D8C46B /* file_util.cc in Sources */,
			);
			runOnlyForDeploymentPostprocessing = 0;
		};
		CEB504C921F2CDDB00D8C46B /* Sources */ = {
			isa = PBXSourcesBuildPhase;
			buildActionMask = 2147483647;
			files = (
				CEB504D921F2CDDC00D8C46B /* main.mm in Sources */,
			);
			runOnlyForDeploymentPostprocessing = 0;
		};
/* End PBXSourcesBuildPhase section */

/* Begin XCBuildConfiguration section */
		CEB504C421F2CDB800D8C46B /* Debug */ = {
			isa = XCBuildConfiguration;
			buildSettings = {
				ALWAYS_SEARCH_USER_PATHS = NO;
				CLANG_ANALYZER_NONNULL = YES;
				CLANG_ANALYZER_NUMBER_OBJECT_CONVERSION = YES_AGGRESSIVE;
				CLANG_CXX_LANGUAGE_STANDARD = "gnu++14";
				CLANG_CXX_LIBRARY = "libc++";
				CLANG_ENABLE_MODULES = YES;
				CLANG_ENABLE_OBJC_ARC = YES;
				CLANG_ENABLE_OBJC_WEAK = YES;
				CLANG_WARN_BLOCK_CAPTURE_AUTORELEASING = YES;
				CLANG_WARN_BOOL_CONVERSION = YES;
				CLANG_WARN_COMMA = YES;
				CLANG_WARN_CONSTANT_CONVERSION = YES;
				CLANG_WARN_DEPRECATED_OBJC_IMPLEMENTATIONS = YES;
				CLANG_WARN_DIRECT_OBJC_ISA_USAGE = YES_ERROR;
				CLANG_WARN_DOCUMENTATION_COMMENTS = YES;
				CLANG_WARN_EMPTY_BODY = YES;
				CLANG_WARN_ENUM_CONVERSION = YES;
				CLANG_WARN_INFINITE_RECURSION = YES;
				CLANG_WARN_INT_CONVERSION = YES;
				CLANG_WARN_NON_LITERAL_NULL_CONVERSION = YES;
				CLANG_WARN_OBJC_IMPLICIT_RETAIN_SELF = YES;
				CLANG_WARN_OBJC_LITERAL_CONVERSION = YES;
				CLANG_WARN_OBJC_ROOT_CLASS = YES_ERROR;
				CLANG_WARN_RANGE_LOOP_ANALYSIS = YES;
				CLANG_WARN_STRICT_PROTOTYPES = YES;
				CLANG_WARN_SUSPICIOUS_MOVE = YES;
				CLANG_WARN_UNGUARDED_AVAILABILITY = YES_AGGRESSIVE;
				CLANG_WARN_UNREACHABLE_CODE = YES;
				CLANG_WARN__DUPLICATE_METHOD_MATCH = YES;
				CODE_SIGN_IDENTITY = "-";
				COPY_PHASE_STRIP = NO;
				DEBUG_INFORMATION_FORMAT = dwarf;
				ENABLE_STRICT_OBJC_MSGSEND = YES;
				ENABLE_TESTABILITY = YES;
				GCC_C_LANGUAGE_STANDARD = gnu11;
				GCC_DYNAMIC_NO_PIC = NO;
				GCC_NO_COMMON_BLOCKS = YES;
				GCC_OPTIMIZATION_LEVEL = 0;
				GCC_PREPROCESSOR_DEFINITIONS = (
					"DEBUG=1",
					"$(inherited)",
				);
				GCC_WARN_64_TO_32_BIT_CONVERSION = YES;
				GCC_WARN_ABOUT_RETURN_TYPE = YES_ERROR;
				GCC_WARN_UNDECLARED_SELECTOR = YES;
				GCC_WARN_UNINITIALIZED_AUTOS = YES_AGGRESSIVE;
				GCC_WARN_UNUSED_FUNCTION = YES;
				GCC_WARN_UNUSED_VARIABLE = YES;
				MACOSX_DEPLOYMENT_TARGET = 10.14;
				MTL_ENABLE_DEBUG_INFO = INCLUDE_SOURCE;
				MTL_FAST_MATH = YES;
				ONLY_ACTIVE_ARCH = YES;
				SDKROOT = macosx;
			};
			name = Debug;
		};
		CEB504C521F2CDB800D8C46B /* Release */ = {
			isa = XCBuildConfiguration;
			buildSettings = {
				ALWAYS_SEARCH_USER_PATHS = NO;
				CLANG_ANALYZER_NONNULL = YES;
				CLANG_ANALYZER_NUMBER_OBJECT_CONVERSION = YES_AGGRESSIVE;
				CLANG_CXX_LANGUAGE_STANDARD = "gnu++14";
				CLANG_CXX_LIBRARY = "libc++";
				CLANG_ENABLE_MODULES = YES;
				CLANG_ENABLE_OBJC_ARC = YES;
				CLANG_ENABLE_OBJC_WEAK = YES;
				CLANG_WARN_BLOCK_CAPTURE_AUTORELEASING = YES;
				CLANG_WARN_BOOL_CONVERSION = YES;
				CLANG_WARN_COMMA = YES;
				CLANG_WARN_CONSTANT_CONVERSION = YES;
				CLANG_WARN_DEPRECATED_OBJC_IMPLEMENTATIONS = YES;
				CLANG_WARN_DIRECT_OBJC_ISA_USAGE = YES_ERROR;
				CLANG_WARN_DOCUMENTATION_COMMENTS = YES;
				CLANG_WARN_EMPTY_BODY = YES;
				CLANG_WARN_ENUM_CONVERSION = YES;
				CLANG_WARN_INFINITE_RECURSION = YES;
				CLANG_WARN_INT_CONVERSION = YES;
				CLANG_WARN_NON_LITERAL_NULL_CONVERSION = YES;
				CLANG_WARN_OBJC_IMPLICIT_RETAIN_SELF = YES;
				CLANG_WARN_OBJC_LITERAL_CONVERSION = YES;
				CLANG_WARN_OBJC_ROOT_CLASS = YES_ERROR;
				CLANG_WARN_RANGE_LOOP_ANALYSIS = YES;
				CLANG_WARN_STRICT_PROTOTYPES = YES;
				CLANG_WARN_SUSPICIOUS_MOVE = YES;
				CLANG_WARN_UNGUARDED_AVAILABILITY = YES_AGGRESSIVE;
				CLANG_WARN_UNREACHABLE_CODE = YES;
				CLANG_WARN__DUPLICATE_METHOD_MATCH = YES;
				CODE_SIGN_IDENTITY = "-";
				COPY_PHASE_STRIP = NO;
				DEBUG_INFORMATION_FORMAT = "dwarf-with-dsym";
				ENABLE_NS_ASSERTIONS = NO;
				ENABLE_STRICT_OBJC_MSGSEND = YES;
				GCC_C_LANGUAGE_STANDARD = gnu11;
				GCC_NO_COMMON_BLOCKS = YES;
				GCC_WARN_64_TO_32_BIT_CONVERSION = YES;
				GCC_WARN_ABOUT_RETURN_TYPE = YES_ERROR;
				GCC_WARN_UNDECLARED_SELECTOR = YES;
				GCC_WARN_UNINITIALIZED_AUTOS = YES_AGGRESSIVE;
				GCC_WARN_UNUSED_FUNCTION = YES;
				GCC_WARN_UNUSED_VARIABLE = YES;
				MACOSX_DEPLOYMENT_TARGET = 10.14;
				MTL_ENABLE_DEBUG_INFO = NO;
				MTL_FAST_MATH = YES;
				SDKROOT = macosx;
			};
			name = Release;
		};
		CEB504C721F2CDB800D8C46B /* Debug */ = {
			isa = XCBuildConfiguration;
			buildSettings = {
				ASSETCATALOG_COMPILER_APPICON_NAME = AppIcon;
				CLANG_ENABLE_OBJC_ARC = NO;
				CLANG_ENABLE_OBJC_WEAK = NO;
				CLANG_WARN_COMMA = NO;
				CODE_SIGN_IDENTITY = "";
				CODE_SIGN_INJECT_BASE_ENTITLEMENTS = NO;
				CODE_SIGN_STYLE = Manual;
				COMBINE_HIDPI_IMAGES = YES;
				HEADER_SEARCH_PATHS = (
					"$(SRCROOT)/libcef",
					"$(SRCROOT)/$(TARGET_NAME)",
				);
				INFOPLIST_FILE = CEFLab/Info.plist;
				LD_RUNPATH_SEARCH_PATHS = (
					"$(inherited)",
					"@executable_path/../Frameworks",
				);
				OTHER_LDFLAGS = (
					"-framework",
					Cocoa,
					"-framework",
					OpenGL,
					"$(SRCROOT)/libcef/$(CONFIGURATION)/libcef_dll_wrapper.a",
					"$(SRCROOT)/libcef/$(CONFIGURATION)/cef_sandbox.a",
				);
				PRODUCT_BUNDLE_IDENTIFIER = com.kztool.dev.CEFLab;
				PRODUCT_NAME = "$(TARGET_NAME)";
				WARNING_CFLAGS = (
					"'-mmacosx-version-min=10.11'",
					"-Wno-narrowing",
				);
			};
			name = Debug;
		};
		CEB504C821F2CDB800D8C46B /* Release */ = {
			isa = XCBuildConfiguration;
			buildSettings = {
				ASSETCATALOG_COMPILER_APPICON_NAME = AppIcon;
				CLANG_ENABLE_OBJC_ARC = NO;
				CLANG_ENABLE_OBJC_WEAK = NO;
				CLANG_WARN_COMMA = NO;
				CODE_SIGN_IDENTITY = "";
				CODE_SIGN_INJECT_BASE_ENTITLEMENTS = NO;
				CODE_SIGN_STYLE = Manual;
				COMBINE_HIDPI_IMAGES = YES;
				HEADER_SEARCH_PATHS = (
					"$(SRCROOT)/libcef",
					"$(SRCROOT)/$(TARGET_NAME)",
				);
				INFOPLIST_FILE = CEFLab/Info.plist;
				LD_RUNPATH_SEARCH_PATHS = (
					"$(inherited)",
					"@executable_path/../Frameworks",
				);
				OTHER_LDFLAGS = (
					"-framework",
					Cocoa,
					"$(SRCROOT)/libcef/$(CONFIGURATION)/libcef_dll_wrapper.a",
					"$(SRCROOT)/libcef/$(CONFIGURATION)/cef_sandbox.a",
				);
				PRODUCT_BUNDLE_IDENTIFIER = com.kztool.dev.CEFLab;
				PRODUCT_NAME = "$(TARGET_NAME)";
				WARNING_CFLAGS = (
					"'-mmacosx-version-min=10.11'",
					"-Wno-narrowing",
				);
			};
			name = Release;
		};
		CEB504DC21F2CDDC00D8C46B /* Debug */ = {
			isa = XCBuildConfiguration;
			buildSettings = {
				ASSETCATALOG_COMPILER_APPICON_NAME = AppIcon;
				CLANG_WARN_COMMA = NO;
				CODE_SIGN_ENTITLEMENTS = "CEFLab Helper/CEFLab Helper.entitlements";
				CODE_SIGN_IDENTITY = "";
				CODE_SIGN_INJECT_BASE_ENTITLEMENTS = NO;
				CODE_SIGN_STYLE = Manual;
				COMBINE_HIDPI_IMAGES = YES;
				HEADER_SEARCH_PATHS = "$(SRCROOT)/libcef ";
				INFOPLIST_FILE = "CEFLab Helper/Info.plist";
				LD_RUNPATH_SEARCH_PATHS = (
					"$(inherited)",
					"@executable_path/../Frameworks",
				);
				OTHER_LDFLAGS = (
					"-framework",
					Cocoa,
					"$(SRCROOT)/libcef/$(CONFIGURATION)/libcef_dll_wrapper.a",
					"$(SRCROOT)/libcef/$(CONFIGURATION)/cef_sandbox.a",
				);
				PRODUCT_BUNDLE_IDENTIFIER = "com.kztool.dev.CEFLab-Helper";
				PRODUCT_NAME = "$(TARGET_NAME)";
				WARNING_CFLAGS = "'-mmacosx-version-min=10.11' ";
			};
			name = Debug;
		};
		CEB504DD21F2CDDC00D8C46B /* Release */ = {
			isa = XCBuildConfiguration;
			buildSettings = {
				ASSETCATALOG_COMPILER_APPICON_NAME = AppIcon;
				CLANG_WARN_COMMA = NO;
				CODE_SIGN_ENTITLEMENTS = "CEFLab Helper/CEFLab Helper.entitlements";
				CODE_SIGN_IDENTITY = "";
				CODE_SIGN_INJECT_BASE_ENTITLEMENTS = NO;
				CODE_SIGN_STYLE = Manual;
				COMBINE_HIDPI_IMAGES = YES;
				HEADER_SEARCH_PATHS = "$(SRCROOT)/libcef ";
				INFOPLIST_FILE = "CEFLab Helper/Info.plist";
				LD_RUNPATH_SEARCH_PATHS = (
					"$(inherited)",
					"@executable_path/../Frameworks",
				);
				OTHER_LDFLAGS = (
					"-framework",
					Cocoa,
					"$(SRCROOT)/libcef/$(CONFIGURATION)/libcef_dll_wrapper.a",
					"$(SRCROOT)/libcef/$(CONFIGURATION)/cef_sandbox.a",
				);
				PRODUCT_BUNDLE_IDENTIFIER = "com.kztool.dev.CEFLab-Helper";
				PRODUCT_NAME = "$(TARGET_NAME)";
				WARNING_CFLAGS = "'-mmacosx-version-min=10.11' ";
			};
			name = Release;
		};
/* End XCBuildConfiguration section */

/* Begin XCConfigurationList section */
		CEB504B021F2CDB700D8C46B /* Build configuration list for PBXProject "CEFLab" */ = {
			isa = XCConfigurationList;
			buildConfigurations = (
				CEB504C421F2CDB800D8C46B /* Debug */,
				CEB504C521F2CDB800D8C46B /* Release */,
			);
			defaultConfigurationIsVisible = 0;
			defaultConfigurationName = Release;
		};
		CEB504C621F2CDB800D8C46B /* Build configuration list for PBXNativeTarget "CEFLab" */ = {
			isa = XCConfigurationList;
			buildConfigurations = (
				CEB504C721F2CDB800D8C46B /* Debug */,
				CEB504C821F2CDB800D8C46B /* Release */,
			);
			defaultConfigurationIsVisible = 0;
			defaultConfigurationName = Release;
		};
		CEB504DB21F2CDDC00D8C46B /* Build configuration list for PBXNativeTarget "CEFLab Helper" */ = {
			isa = XCConfigurationList;
			buildConfigurations = (
				CEB504DC21F2CDDC00D8C46B /* Debug */,
				CEB504DD21F2CDDC00D8C46B /* Release */,
			);
			defaultConfigurationIsVisible = 0;
			defaultConfigurationName = Release;
		};
/* End XCConfigurationList section */
	};
	rootObject = CEB504AD21F2CDB700D8C46B /* Project object */;
}
