// !$*UTF8*$!
{
	archiveVersion = 1;
	classes = {
	};
	objectVersion = 50;
	objects = {

/* Begin PBXBuildFile section */
		CEB504BC21F2CDB800D8C46B /* Assets.xcassets in Resources */ = {isa = PBXBuildFile; fileRef = CEB504BB21F2CDB800D8C46B /* Assets.xcassets */; };
		CEB504C221F2CDB800D8C46B /* main.mm in Sources */ = {isa = PBXBuildFile; fileRef = CEB504C121F2CDB800D8C46B /* main.mm */; };
		CEB504D321F2CDDC00D8C46B /* Assets.xcassets in Resources */ = {isa = PBXBuildFile; fileRef = CEB504D221F2CDDC00D8C46B /* Assets.xcassets */; };
		CEB504D921F2CDDC00D8C46B /* main.mm in Sources */ = {isa = PBXBuildFile; fileRef = CEB504D821F2CDDC00D8C46B /* main.mm */; };
		CEB5052821F2E1B100D8C46B /* server_test.cc in Sources */ = {isa = PBXBuildFile; fileRef = CEB504E221F2E1B100D8C46B /* server_test.cc */; };
		CEB5052921F2E1B100D8C46B /* client_handler_std.cc in Sources */ = {isa = PBXBuildFile; fileRef = CEB504E321F2E1B100D8C46B /* client_handler_std.cc */; };
		CEB5052A21F2E1B100D8C46B /* text_input_client_osr_mac.mm in Sources */ = {isa = PBXBuildFile; fileRef = CEB504E421F2E1B100D8C46B /* text_input_client_osr_mac.mm */; };
		CEB5052B21F2E1B100D8C46B /* browser_window_osr_mac.mm in Sources */ = {isa = PBXBuildFile; fileRef = CEB504E821F2E1B100D8C46B /* browser_window_osr_mac.mm */; };
		CEB5052C21F2E1B100D8C46B /* osr_accessibility_node.cc in Sources */ = {isa = PBXBuildFile; fileRef = CEB504E921F2E1B100D8C46B /* osr_accessibility_node.cc */; };
		CEB5052D21F2E1B100D8C46B /* client_app_delegates_browser.cc in Sources */ = {isa = PBXBuildFile; fileRef = CEB504EA21F2E1B100D8C46B /* client_app_delegates_browser.cc */; };
		CEB5052E21F2E1B100D8C46B /* browser_window_std_mac.mm in Sources */ = {isa = PBXBuildFile; fileRef = CEB504ED21F2E1B100D8C46B /* browser_window_std_mac.mm */; };
		CEB5052F21F2E1B100D8C46B /* window_test.cc in Sources */ = {isa = PBXBuildFile; fileRef = CEB504EF21F2E1B100D8C46B /* window_test.cc */; };
		CEB5053021F2E1B100D8C46B /* scheme_test.cc in Sources */ = {isa = PBXBuildFile; fileRef = CEB504F021F2E1B100D8C46B /* scheme_test.cc */; };
		CEB5053121F2E1B100D8C46B /* main_context_impl_posix.cc in Sources */ = {isa = PBXBuildFile; fileRef = CEB504F121F2E1B100D8C46B /* main_context_impl_posix.cc */; };
		CEB5053221F2E1B100D8C46B /* dialog_test.cc in Sources */ = {isa = PBXBuildFile; fileRef = CEB504F221F2E1B100D8C46B /* dialog_test.cc */; };
		CEB5053321F2E1B100D8C46B /* binding_test.cc in Sources */ = {isa = PBXBuildFile; fileRef = CEB504F321F2E1B100D8C46B /* binding_test.cc */; };
		CEB5053421F2E1B100D8C46B /* image_cache.cc in Sources */ = {isa = PBXBuildFile; fileRef = CEB504F421F2E1B100D8C46B /* image_cache.cc */; };
		CEB5053521F2E1B100D8C46B /* root_window_mac.mm in Sources */ = {isa = PBXBuildFile; fileRef = CEB504F621F2E1B100D8C46B /* root_window_mac.mm */; };
		CEB5053621F2E1B100D8C46B /* osr_renderer.cc in Sources */ = {isa = PBXBuildFile; fileRef = CEB504F721F2E1B100D8C46B /* osr_renderer.cc */; };
		CEB5053721F2E1B100D8C46B /* urlrequest_test.cc in Sources */ = {isa = PBXBuildFile; fileRef = CEB504F821F2E1B100D8C46B /* urlrequest_test.cc */; };
		CEB5053821F2E1B100D8C46B /* test_runner.cc in Sources */ = {isa = PBXBuildFile; fileRef = CEB504FA21F2E1B100D8C46B /* test_runner.cc */; };
		CEB5053921F2E1B100D8C46B /* osr_accessibility_helper.cc in Sources */ = {isa = PBXBuildFile; fileRef = CEB504FD21F2E1B100D8C46B /* osr_accessibility_helper.cc */; };
		CEB5053A21F2E1B100D8C46B /* root_window_create.cc in Sources */ = {isa = PBXBuildFile; fileRef = CEB504FE21F2E1B100D8C46B /* root_window_create.cc */; };
		CEB5053B21F2E1B100D8C46B /* root_window.cc in Sources */ = {isa = PBXBuildFile; fileRef = CEB5050021F2E1B100D8C46B /* root_window.cc */; };
		CEB5053C21F2E1B100D8C46B /* client_handler.cc in Sources */ = {isa = PBXBuildFile; fileRef = CEB5050421F2E1B100D8C46B /* client_handler.cc */; };
		CEB5053D21F2E1B100D8C46B /* response_filter_test.cc in Sources */ = {isa = PBXBuildFile; fileRef = CEB5050521F2E1B100D8C46B /* response_filter_test.cc */; };
		CEB5053E21F2E1B100D8C46B /* temp_window_mac.mm in Sources */ = {isa = PBXBuildFile; fileRef = CEB5050821F2E1B100D8C46B /* temp_window_mac.mm */; };
		CEB5053F21F2E1B100D8C46B /* main_context_impl.cc in Sources */ = {isa = PBXBuildFile; fileRef = CEB5050A21F2E1B100D8C46B /* main_context_impl.cc */; };
		CEB5054021F2E1B100D8C46B /* browser_window.cc in Sources */ = {isa = PBXBuildFile; fileRef = CEB5050E21F2E1B100D8C46B /* browser_window.cc */; };
		CEB5054121F2E1B100D8C46B /* window_test_runner.cc in Sources */ = {isa = PBXBuildFile; fileRef = CEB5051121F2E1B100D8C46B /* window_test_runner.cc */; };
		CEB5054221F2E1B100D8C46B /* drm_test.cc in Sources */ = {isa = PBXBuildFile; fileRef = CEB5051221F2E1B100D8C46B /* drm_test.cc */; };
		CEB5054321F2E1B100D8C46B /* window_test_runner_mac.mm in Sources */ = {isa = PBXBuildFile; fileRef = CEB5051721F2E1B100D8C46B /* window_test_runner_mac.mm */; };
		CEB5054421F2E1B100D8C46B /* main_context.cc in Sources */ = {isa = PBXBuildFile; fileRef = CEB5051921F2E1B100D8C46B /* main_context.cc */; };
		CEB5054521F2E1B100D8C46B /* client_browser.cc in Sources */ = {isa = PBXBuildFile; fileRef = CEB5051D21F2E1B100D8C46B /* client_browser.cc */; };
		CEB5054621F2E1B100D8C46B /* client_handler_osr.cc in Sources */ = {isa = PBXBuildFile; fileRef = CEB5051E21F2E1B100D8C46B /* client_handler_osr.cc */; };
		CEB5054721F2E1B100D8C46B /* osr_accessibility_node_mac.mm in Sources */ = {isa = PBXBuildFile; fileRef = CEB5051F21F2E1B100D8C46B /* osr_accessibility_node_mac.mm */; };
		CEB5054821F2E1B100D8C46B /* bytes_write_handler.cc in Sources */ = {isa = PBXBuildFile; fileRef = CEB5052321F2E1B100D8C46B /* bytes_write_handler.cc */; };
		CEB5054921F2E1B100D8C46B /* preferences_test.cc in Sources */ = {isa = PBXBuildFile; fileRef = CEB5052521F2E1B100D8C46B /* preferences_test.cc */; };
		CEB5054A21F2E1B100D8C46B /* root_window_manager.cc in Sources */ = {isa = PBXBuildFile; fileRef = CEB5052721F2E1B100D8C46B /* root_window_manager.cc */; };
		CEB5057021F2E2F900D8C46B /* client_app_renderer.cc in Sources */ = {isa = PBXBuildFile; fileRef = CEB5054E21F2E2F900D8C46B /* client_app_renderer.cc */; };
		CEB5057121F2E2F900D8C46B /* pdf.html in Resources */ = {isa = PBXBuildFile; fileRef = CEB5055021F2E2F900D8C46B /* pdf.html */; };
		CEB5057221F2E2F900D8C46B /* window_icon.1x.png in Resources */ = {isa = PBXBuildFile; fileRef = CEB5055121F2E2F900D8C46B /* window_icon.1x.png */; };
		CEB5057321F2E2F900D8C46B /* window_icon.2x.png in Resources */ = {isa = PBXBuildFile; fileRef = CEB5055221F2E2F900D8C46B /* window_icon.2x.png */; };
		CEB5057421F2E2F900D8C46B /* osr_test.html in Resources */ = {isa = PBXBuildFile; fileRef = CEB5055321F2E2F900D8C46B /* osr_test.html */; };
		CEB5057521F2E2F900D8C46B /* pdf.pdf in Resources */ = {isa = PBXBuildFile; fileRef = CEB5055421F2E2F900D8C46B /* pdf.pdf */; };
		CEB5057621F2E2F900D8C46B /* main_message_loop_external_pump.cc in Sources */ = {isa = PBXBuildFile; fileRef = CEB5055621F2E2F900D8C46B /* main_message_loop_external_pump.cc */; };
		CEB5057721F2E2F900D8C46B /* resource_util_posix.cc in Sources */ = {isa = PBXBuildFile; fileRef = CEB5055A21F2E2F900D8C46B /* resource_util_posix.cc */; };
		CEB5057821F2E2F900D8C46B /* extension_util.cc in Sources */ = {isa = PBXBuildFile; fileRef = CEB5055C21F2E2F900D8C46B /* extension_util.cc */; };
		CEB5057921F2E2F900D8C46B /* geometry_util.cc in Sources */ = {isa = PBXBuildFile; fileRef = CEB5055D21F2E2F900D8C46B /* geometry_util.cc */; };
		CEB5057A21F2E2F900D8C46B /* client_app_browser.cc in Sources */ = {isa = PBXBuildFile; fileRef = CEB5055F21F2E2F900D8C46B /* client_app_browser.cc */; };
		CEB5057B21F2E2F900D8C46B /* resource_util_mac.mm in Sources */ = {isa = PBXBuildFile; fileRef = CEB5056021F2E2F900D8C46B /* resource_util_mac.mm */; };
		CEB5057C21F2E2F900D8C46B /* file_util.cc in Sources */ = {isa = PBXBuildFile; fileRef = CEB5056121F2E2F900D8C46B /* file_util.cc */; };
		CEB5057D21F2E2F900D8C46B /* main_message_loop_std.cc in Sources */ = {isa = PBXBuildFile; fileRef = CEB5056221F2E2F900D8C46B /* main_message_loop_std.cc */; };
		CEB5057E21F2E2F900D8C46B /* main_message_loop_external_pump_mac.mm in Sources */ = {isa = PBXBuildFile; fileRef = CEB5056321F2E2F900D8C46B /* main_message_loop_external_pump_mac.mm */; };
		CEB5057F21F2E2F900D8C46B /* main_message_loop.cc in Sources */ = {isa = PBXBuildFile; fileRef = CEB5056521F2E2F900D8C46B /* main_message_loop.cc */; };
		CEB5058021F2E2F900D8C46B /* client_app_other.cc in Sources */ = {isa = PBXBuildFile; fileRef = CEB5056921F2E2F900D8C46B /* client_app_other.cc */; };
		CEB5058121F2E2F900D8C46B /* client_app.cc in Sources */ = {isa = PBXBuildFile; fileRef = CEB5056A21F2E2F900D8C46B /* client_app.cc */; };
		CEB5058221F2E2F900D8C46B /* client_switches.cc in Sources */ = {isa = PBXBuildFile; fileRef = CEB5056B21F2E2F900D8C46B /* client_switches.cc */; };
		CEB5058321F2E2F900D8C46B /* process_helper_mac.cc in Sources */ = {isa = PBXBuildFile; fileRef = CEB5056F21F2E2F900D8C46B /* process_helper_mac.cc */; };
		CEB5058821F2E31800D8C46B /* client_app_delegates_common.cc in Sources */ = {isa = PBXBuildFile; fileRef = CEB5058621F2E31800D8C46B /* client_app_delegates_common.cc */; };
		CEB5058921F2E31800D8C46B /* scheme_test_common.cc in Sources */ = {isa = PBXBuildFile; fileRef = CEB5058721F2E31800D8C46B /* scheme_test_common.cc */; };
		CEB5059221F2E33200D8C46B /* client_renderer.cc in Sources */ = {isa = PBXBuildFile; fileRef = CEB5058B21F2E33200D8C46B /* client_renderer.cc */; };
		CEB5059321F2E33200D8C46B /* performance_test.cc in Sources */ = {isa = PBXBuildFile; fileRef = CEB5058D21F2E33200D8C46B /* performance_test.cc */; };
		CEB5059421F2E33200D8C46B /* performance_test_tests.cc in Sources */ = {isa = PBXBuildFile; fileRef = CEB5058F21F2E33200D8C46B /* performance_test_tests.cc */; };
		CEB5059521F2E33200D8C46B /* client_app_delegates_renderer.cc in Sources */ = {isa = PBXBuildFile; fileRef = CEB5059121F2E33200D8C46B /* client_app_delegates_renderer.cc */; };
/* End PBXBuildFile section */

/* Begin PBXFileReference section */
		CEB504B521F2CDB700D8C46B /* CEFLab.app */ = {isa = PBXFileReference; explicitFileType = wrapper.application; includeInIndex = 0; path = CEFLab.app; sourceTree = BUILT_PRODUCTS_DIR; };
		CEB504BB21F2CDB800D8C46B /* Assets.xcassets */ = {isa = PBXFileReference; lastKnownFileType = folder.assetcatalog; path = Assets.xcassets; sourceTree = "<group>"; };
		CEB504C021F2CDB800D8C46B /* Info.plist */ = {isa = PBXFileReference; lastKnownFileType = text.plist.xml; path = Info.plist; sourceTree = "<group>"; };
		CEB504C121F2CDB800D8C46B /* main.mm */ = {isa = PBXFileReference; lastKnownFileType = sourcecode.cpp.objcpp; path = main.mm; sourceTree = "<group>"; };
		CEB504C321F2CDB800D8C46B /* CEFLab.entitlements */ = {isa = PBXFileReference; lastKnownFileType = text.plist.entitlements; path = CEFLab.entitlements; sourceTree = "<group>"; };
		CEB504CD21F2CDDB00D8C46B /* CEFLab Helper.app */ = {isa = PBXFileReference; explicitFileType = wrapper.application; includeInIndex = 0; path = "CEFLab Helper.app"; sourceTree = BUILT_PRODUCTS_DIR; };
		CEB504D221F2CDDC00D8C46B /* Assets.xcassets */ = {isa = PBXFileReference; lastKnownFileType = folder.assetcatalog; path = Assets.xcassets; sourceTree = "<group>"; };
		CEB504D721F2CDDC00D8C46B /* Info.plist */ = {isa = PBXFileReference; lastKnownFileType = text.plist.xml; path = Info.plist; sourceTree = "<group>"; };
		CEB504D821F2CDDC00D8C46B /* main.mm */ = {isa = PBXFileReference; lastKnownFileType = sourcecode.cpp.objcpp; path = main.mm; sourceTree = "<group>"; };
		CEB504DA21F2CDDC00D8C46B /* CEFLab_Helper.entitlements */ = {isa = PBXFileReference; lastKnownFileType = text.plist.entitlements; path = CEFLab_Helper.entitlements; sourceTree = "<group>"; };
		CEB504DF21F2D1D200D8C46B /* CEFLab Helper.entitlements */ = {isa = PBXFileReference; lastKnownFileType = text.plist.entitlements; path = "CEFLab Helper.entitlements"; sourceTree = "<group>"; };
		CEB504E121F2E1B100D8C46B /* osr_renderer_settings.h */ = {isa = PBXFileReference; fileEncoding = 4; lastKnownFileType = sourcecode.c.h; path = osr_renderer_settings.h; sourceTree = "<group>"; };
		CEB504E221F2E1B100D8C46B /* server_test.cc */ = {isa = PBXFileReference; fileEncoding = 4; lastKnownFileType = sourcecode.cpp.cpp; path = server_test.cc; sourceTree = "<group>"; };
		CEB504E321F2E1B100D8C46B /* client_handler_std.cc */ = {isa = PBXFileReference; fileEncoding = 4; lastKnownFileType = sourcecode.cpp.cpp; path = client_handler_std.cc; sourceTree = "<group>"; };
		CEB504E421F2E1B100D8C46B /* text_input_client_osr_mac.mm */ = {isa = PBXFileReference; fileEncoding = 4; lastKnownFileType = sourcecode.cpp.objcpp; path = text_input_client_osr_mac.mm; sourceTree = "<group>"; };
		CEB504E521F2E1B100D8C46B /* osr_accessibility_helper.h */ = {isa = PBXFileReference; fileEncoding = 4; lastKnownFileType = sourcecode.c.h; path = osr_accessibility_helper.h; sourceTree = "<group>"; };
		CEB504E621F2E1B100D8C46B /* osr_dragdrop_events.h */ = {isa = PBXFileReference; fileEncoding = 4; lastKnownFileType = sourcecode.c.h; path = osr_dragdrop_events.h; sourceTree = "<group>"; };
		CEB504E721F2E1B100D8C46B /* temp_window.h */ = {isa = PBXFileReference; fileEncoding = 4; lastKnownFileType = sourcecode.c.h; path = temp_window.h; sourceTree = "<group>"; };
		CEB504E821F2E1B100D8C46B /* browser_window_osr_mac.mm */ = {isa = PBXFileReference; fileEncoding = 4; lastKnownFileType = sourcecode.cpp.objcpp; path = browser_window_osr_mac.mm; sourceTree = "<group>"; };
		CEB504E921F2E1B100D8C46B /* osr_accessibility_node.cc */ = {isa = PBXFileReference; fileEncoding = 4; lastKnownFileType = sourcecode.cpp.cpp; path = osr_accessibility_node.cc; sourceTree = "<group>"; };
		CEB504EA21F2E1B100D8C46B /* client_app_delegates_browser.cc */ = {isa = PBXFileReference; fileEncoding = 4; lastKnownFileType = sourcecode.cpp.cpp; path = client_app_delegates_browser.cc; sourceTree = "<group>"; };
		CEB504EB21F2E1B100D8C46B /* window_test.h */ = {isa = PBXFileReference; fileEncoding = 4; lastKnownFileType = sourcecode.c.h; path = window_test.h; sourceTree = "<group>"; };
		CEB504EC21F2E1B100D8C46B /* test_runner.h */ = {isa = PBXFileReference; fileEncoding = 4; lastKnownFileType = sourcecode.c.h; path = test_runner.h; sourceTree = "<group>"; };
		CEB504ED21F2E1B100D8C46B /* browser_window_std_mac.mm */ = {isa = PBXFileReference; fileEncoding = 4; lastKnownFileType = sourcecode.cpp.objcpp; path = browser_window_std_mac.mm; sourceTree = "<group>"; };
		CEB504EE21F2E1B100D8C46B /* client_browser.h */ = {isa = PBXFileReference; fileEncoding = 4; lastKnownFileType = sourcecode.c.h; path = client_browser.h; sourceTree = "<group>"; };
		CEB504EF21F2E1B100D8C46B /* window_test.cc */ = {isa = PBXFileReference; fileEncoding = 4; lastKnownFileType = sourcecode.cpp.cpp; path = window_test.cc; sourceTree = "<group>"; };
		CEB504F021F2E1B100D8C46B /* scheme_test.cc */ = {isa = PBXFileReference; fileEncoding = 4; lastKnownFileType = sourcecode.cpp.cpp; path = scheme_test.cc; sourceTree = "<group>"; };
		CEB504F121F2E1B100D8C46B /* main_context_impl_posix.cc */ = {isa = PBXFileReference; fileEncoding = 4; lastKnownFileType = sourcecode.cpp.cpp; path = main_context_impl_posix.cc; sourceTree = "<group>"; };
		CEB504F221F2E1B100D8C46B /* dialog_test.cc */ = {isa = PBXFileReference; fileEncoding = 4; lastKnownFileType = sourcecode.cpp.cpp; path = dialog_test.cc; sourceTree = "<group>"; };
		CEB504F321F2E1B100D8C46B /* binding_test.cc */ = {isa = PBXFileReference; fileEncoding = 4; lastKnownFileType = sourcecode.cpp.cpp; path = binding_test.cc; sourceTree = "<group>"; };
		CEB504F421F2E1B100D8C46B /* image_cache.cc */ = {isa = PBXFileReference; fileEncoding = 4; lastKnownFileType = sourcecode.cpp.cpp; path = image_cache.cc; sourceTree = "<group>"; };
		CEB504F521F2E1B100D8C46B /* preferences_test.h */ = {isa = PBXFileReference; fileEncoding = 4; lastKnownFileType = sourcecode.c.h; path = preferences_test.h; sourceTree = "<group>"; };
		CEB504F621F2E1B100D8C46B /* root_window_mac.mm */ = {isa = PBXFileReference; fileEncoding = 4; lastKnownFileType = sourcecode.cpp.objcpp; path = root_window_mac.mm; sourceTree = "<group>"; };
		CEB504F721F2E1B100D8C46B /* osr_renderer.cc */ = {isa = PBXFileReference; fileEncoding = 4; lastKnownFileType = sourcecode.cpp.cpp; path = osr_renderer.cc; sourceTree = "<group>"; };
		CEB504F821F2E1B100D8C46B /* urlrequest_test.cc */ = {isa = PBXFileReference; fileEncoding = 4; lastKnownFileType = sourcecode.cpp.cpp; path = urlrequest_test.cc; sourceTree = "<group>"; };
		CEB504F921F2E1B100D8C46B /* response_filter_test.h */ = {isa = PBXFileReference; fileEncoding = 4; lastKnownFileType = sourcecode.c.h; path = response_filter_test.h; sourceTree = "<group>"; };
		CEB504FA21F2E1B100D8C46B /* test_runner.cc */ = {isa = PBXFileReference; fileEncoding = 4; lastKnownFileType = sourcecode.cpp.cpp; path = test_runner.cc; sourceTree = "<group>"; };
		CEB504FB21F2E1B100D8C46B /* drm_test.h */ = {isa = PBXFileReference; fileEncoding = 4; lastKnownFileType = sourcecode.c.h; path = drm_test.h; sourceTree = "<group>"; };
		CEB504FC21F2E1B100D8C46B /* dialog_test.h */ = {isa = PBXFileReference; fileEncoding = 4; lastKnownFileType = sourcecode.c.h; path = dialog_test.h; sourceTree = "<group>"; };
		CEB504FD21F2E1B100D8C46B /* osr_accessibility_helper.cc */ = {isa = PBXFileReference; fileEncoding = 4; lastKnownFileType = sourcecode.cpp.cpp; path = osr_accessibility_helper.cc; sourceTree = "<group>"; };
		CEB504FE21F2E1B100D8C46B /* root_window_create.cc */ = {isa = PBXFileReference; fileEncoding = 4; lastKnownFileType = sourcecode.cpp.cpp; path = root_window_create.cc; sourceTree = "<group>"; };
		CEB504FF21F2E1B100D8C46B /* server_test.h */ = {isa = PBXFileReference; fileEncoding = 4; lastKnownFileType = sourcecode.c.h; path = server_test.h; sourceTree = "<group>"; };
		CEB5050021F2E1B100D8C46B /* root_window.cc */ = {isa = PBXFileReference; fileEncoding = 4; lastKnownFileType = sourcecode.cpp.cpp; path = root_window.cc; sourceTree = "<group>"; };
		CEB5050121F2E1B100D8C46B /* main_context.h */ = {isa = PBXFileReference; fileEncoding = 4; lastKnownFileType = sourcecode.c.h; path = main_context.h; sourceTree = "<group>"; };
		CEB5050221F2E1B100D8C46B /* window_test_runner_mac.h */ = {isa = PBXFileReference; fileEncoding = 4; lastKnownFileType = sourcecode.c.h; path = window_test_runner_mac.h; sourceTree = "<group>"; };
		CEB5050321F2E1B100D8C46B /* client_handler.h */ = {isa = PBXFileReference; fileEncoding = 4; lastKnownFileType = sourcecode.c.h; path = client_handler.h; sourceTree = "<group>"; };
		CEB5050421F2E1B100D8C46B /* client_handler.cc */ = {isa = PBXFileReference; fileEncoding = 4; lastKnownFileType = sourcecode.cpp.cpp; path = client_handler.cc; sourceTree = "<group>"; };
		CEB5050521F2E1B100D8C46B /* response_filter_test.cc */ = {isa = PBXFileReference; fileEncoding = 4; lastKnownFileType = sourcecode.cpp.cpp; path = response_filter_test.cc; sourceTree = "<group>"; };
		CEB5050621F2E1B100D8C46B /* client_handler_osr.h */ = {isa = PBXFileReference; fileEncoding = 4; lastKnownFileType = sourcecode.c.h; path = client_handler_osr.h; sourceTree = "<group>"; };
		CEB5050721F2E1B100D8C46B /* root_window.h */ = {isa = PBXFileReference; fileEncoding = 4; lastKnownFileType = sourcecode.c.h; path = root_window.h; sourceTree = "<group>"; };
		CEB5050821F2E1B100D8C46B /* temp_window_mac.mm */ = {isa = PBXFileReference; fileEncoding = 4; lastKnownFileType = sourcecode.cpp.objcpp; path = temp_window_mac.mm; sourceTree = "<group>"; };
		CEB5050921F2E1B100D8C46B /* client_handler_std.h */ = {isa = PBXFileReference; fileEncoding = 4; lastKnownFileType = sourcecode.c.h; path = client_handler_std.h; sourceTree = "<group>"; };
		CEB5050A21F2E1B100D8C46B /* main_context_impl.cc */ = {isa = PBXFileReference; fileEncoding = 4; lastKnownFileType = sourcecode.cpp.cpp; path = main_context_impl.cc; sourceTree = "<group>"; };
		CEB5050B21F2E1B100D8C46B /* urlrequest_test.h */ = {isa = PBXFileReference; fileEncoding = 4; lastKnownFileType = sourcecode.c.h; path = urlrequest_test.h; sourceTree = "<group>"; };
		CEB5050C21F2E1B100D8C46B /* binding_test.h */ = {isa = PBXFileReference; fileEncoding = 4; lastKnownFileType = sourcecode.c.h; path = binding_test.h; sourceTree = "<group>"; };
		CEB5050D21F2E1B100D8C46B /* main_context_impl.h */ = {isa = PBXFileReference; fileEncoding = 4; lastKnownFileType = sourcecode.c.h; path = main_context_impl.h; sourceTree = "<group>"; };
		CEB5050E21F2E1B100D8C46B /* browser_window.cc */ = {isa = PBXFileReference; fileEncoding = 4; lastKnownFileType = sourcecode.cpp.cpp; path = browser_window.cc; sourceTree = "<group>"; };
		CEB5050F21F2E1B100D8C46B /* window_test_runner.h */ = {isa = PBXFileReference; fileEncoding = 4; lastKnownFileType = sourcecode.c.h; path = window_test_runner.h; sourceTree = "<group>"; };
		CEB5051021F2E1B100D8C46B /* root_window_mac.h */ = {isa = PBXFileReference; fileEncoding = 4; lastKnownFileType = sourcecode.c.h; path = root_window_mac.h; sourceTree = "<group>"; };
		CEB5051121F2E1B100D8C46B /* window_test_runner.cc */ = {isa = PBXFileReference; fileEncoding = 4; lastKnownFileType = sourcecode.cpp.cpp; path = window_test_runner.cc; sourceTree = "<group>"; };
		CEB5051221F2E1B100D8C46B /* drm_test.cc */ = {isa = PBXFileReference; fileEncoding = 4; lastKnownFileType = sourcecode.cpp.cpp; path = drm_test.cc; sourceTree = "<group>"; };
		CEB5051321F2E1B100D8C46B /* osr_renderer.h */ = {isa = PBXFileReference; fileEncoding = 4; lastKnownFileType = sourcecode.c.h; path = osr_renderer.h; sourceTree = "<group>"; };
		CEB5051421F2E1B100D8C46B /* client_types.h */ = {isa = PBXFileReference; fileEncoding = 4; lastKnownFileType = sourcecode.c.h; path = client_types.h; sourceTree = "<group>"; };
		CEB5051521F2E1B100D8C46B /* browser_window_osr_mac.h */ = {isa = PBXFileReference; fileEncoding = 4; lastKnownFileType = sourcecode.c.h; path = browser_window_osr_mac.h; sourceTree = "<group>"; };
		CEB5051621F2E1B100D8C46B /* resource.h */ = {isa = PBXFileReference; fileEncoding = 4; lastKnownFileType = sourcecode.c.h; path = resource.h; sourceTree = "<group>"; };
		CEB5051721F2E1B100D8C46B /* window_test_runner_mac.mm */ = {isa = PBXFileReference; fileEncoding = 4; lastKnownFileType = sourcecode.cpp.objcpp; path = window_test_runner_mac.mm; sourceTree = "<group>"; };
		CEB5051821F2E1B100D8C46B /* image_cache.h */ = {isa = PBXFileReference; fileEncoding = 4; lastKnownFileType = sourcecode.c.h; path = image_cache.h; sourceTree = "<group>"; };
		CEB5051921F2E1B100D8C46B /* main_context.cc */ = {isa = PBXFileReference; fileEncoding = 4; lastKnownFileType = sourcecode.cpp.cpp; path = main_context.cc; sourceTree = "<group>"; };
		CEB5051A21F2E1B100D8C46B /* temp_window_mac.h */ = {isa = PBXFileReference; fileEncoding = 4; lastKnownFileType = sourcecode.c.h; path = temp_window_mac.h; sourceTree = "<group>"; };
		CEB5051B21F2E1B100D8C46B /* text_input_client_osr_mac.h */ = {isa = PBXFileReference; fileEncoding = 4; lastKnownFileType = sourcecode.c.h; path = text_input_client_osr_mac.h; sourceTree = "<group>"; };
		CEB5051C21F2E1B100D8C46B /* bytes_write_handler.h */ = {isa = PBXFileReference; fileEncoding = 4; lastKnownFileType = sourcecode.c.h; path = bytes_write_handler.h; sourceTree = "<group>"; };
		CEB5051D21F2E1B100D8C46B /* client_browser.cc */ = {isa = PBXFileReference; fileEncoding = 4; lastKnownFileType = sourcecode.cpp.cpp; path = client_browser.cc; sourceTree = "<group>"; };
		CEB5051E21F2E1B100D8C46B /* client_handler_osr.cc */ = {isa = PBXFileReference; fileEncoding = 4; lastKnownFileType = sourcecode.cpp.cpp; path = client_handler_osr.cc; sourceTree = "<group>"; };
		CEB5051F21F2E1B100D8C46B /* osr_accessibility_node_mac.mm */ = {isa = PBXFileReference; fileEncoding = 4; lastKnownFileType = sourcecode.cpp.objcpp; path = osr_accessibility_node_mac.mm; sourceTree = "<group>"; };
		CEB5052021F2E1B100D8C46B /* browser_window.h */ = {isa = PBXFileReference; fileEncoding = 4; lastKnownFileType = sourcecode.c.h; path = browser_window.h; sourceTree = "<group>"; };
		CEB5052121F2E1B100D8C46B /* browser_window_std_mac.h */ = {isa = PBXFileReference; fileEncoding = 4; lastKnownFileType = sourcecode.c.h; path = browser_window_std_mac.h; sourceTree = "<group>"; };
		CEB5052221F2E1B100D8C46B /* scheme_test.h */ = {isa = PBXFileReference; fileEncoding = 4; lastKnownFileType = sourcecode.c.h; path = scheme_test.h; sourceTree = "<group>"; };
		CEB5052321F2E1B100D8C46B /* bytes_write_handler.cc */ = {isa = PBXFileReference; fileEncoding = 4; lastKnownFileType = sourcecode.cpp.cpp; path = bytes_write_handler.cc; sourceTree = "<group>"; };
		CEB5052421F2E1B100D8C46B /* osr_accessibility_node.h */ = {isa = PBXFileReference; fileEncoding = 4; lastKnownFileType = sourcecode.c.h; path = osr_accessibility_node.h; sourceTree = "<group>"; };
		CEB5052521F2E1B100D8C46B /* preferences_test.cc */ = {isa = PBXFileReference; fileEncoding = 4; lastKnownFileType = sourcecode.cpp.cpp; path = preferences_test.cc; sourceTree = "<group>"; };
		CEB5052621F2E1B100D8C46B /* root_window_manager.h */ = {isa = PBXFileReference; fileEncoding = 4; lastKnownFileType = sourcecode.c.h; path = root_window_manager.h; sourceTree = "<group>"; };
		CEB5052721F2E1B100D8C46B /* root_window_manager.cc */ = {isa = PBXFileReference; fileEncoding = 4; lastKnownFileType = sourcecode.cpp.cpp; path = root_window_manager.cc; sourceTree = "<group>"; };
		CEB5054D21F2E2F900D8C46B /* client_app_renderer.h */ = {isa = PBXFileReference; fileEncoding = 4; lastKnownFileType = sourcecode.c.h; path = client_app_renderer.h; sourceTree = "<group>"; };
		CEB5054E21F2E2F900D8C46B /* client_app_renderer.cc */ = {isa = PBXFileReference; fileEncoding = 4; lastKnownFileType = sourcecode.cpp.cpp; path = client_app_renderer.cc; sourceTree = "<group>"; };
		CEB5055021F2E2F900D8C46B /* pdf.html */ = {isa = PBXFileReference; fileEncoding = 4; lastKnownFileType = text.html; path = pdf.html; sourceTree = "<group>"; };
		CEB5055121F2E2F900D8C46B /* window_icon.1x.png */ = {isa = PBXFileReference; lastKnownFileType = image.png; path = window_icon.1x.png; sourceTree = "<group>"; };
		CEB5055221F2E2F900D8C46B /* window_icon.2x.png */ = {isa = PBXFileReference; lastKnownFileType = image.png; path = window_icon.2x.png; sourceTree = "<group>"; };
		CEB5055321F2E2F900D8C46B /* osr_test.html */ = {isa = PBXFileReference; fileEncoding = 4; lastKnownFileType = text.html; path = osr_test.html; sourceTree = "<group>"; };
		CEB5055421F2E2F900D8C46B /* pdf.pdf */ = {isa = PBXFileReference; lastKnownFileType = image.pdf; path = pdf.pdf; sourceTree = "<group>"; };
		CEB5055621F2E2F900D8C46B /* main_message_loop_external_pump.cc */ = {isa = PBXFileReference; fileEncoding = 4; lastKnownFileType = sourcecode.cpp.cpp; path = main_message_loop_external_pump.cc; sourceTree = "<group>"; };
		CEB5055721F2E2F900D8C46B /* main_message_loop_std.h */ = {isa = PBXFileReference; fileEncoding = 4; lastKnownFileType = sourcecode.c.h; path = main_message_loop_std.h; sourceTree = "<group>"; };
		CEB5055821F2E2F900D8C46B /* extension_util.h */ = {isa = PBXFileReference; fileEncoding = 4; lastKnownFileType = sourcecode.c.h; path = extension_util.h; sourceTree = "<group>"; };
		CEB5055921F2E2F900D8C46B /* client_app_browser.h */ = {isa = PBXFileReference; fileEncoding = 4; lastKnownFileType = sourcecode.c.h; path = client_app_browser.h; sourceTree = "<group>"; };
		CEB5055A21F2E2F900D8C46B /* resource_util_posix.cc */ = {isa = PBXFileReference; fileEncoding = 4; lastKnownFileType = sourcecode.cpp.cpp; path = resource_util_posix.cc; sourceTree = "<group>"; };
		CEB5055B21F2E2F900D8C46B /* file_util.h */ = {isa = PBXFileReference; fileEncoding = 4; lastKnownFileType = sourcecode.c.h; path = file_util.h; sourceTree = "<group>"; };
		CEB5055C21F2E2F900D8C46B /* extension_util.cc */ = {isa = PBXFileReference; fileEncoding = 4; lastKnownFileType = sourcecode.cpp.cpp; path = extension_util.cc; sourceTree = "<group>"; };
		CEB5055D21F2E2F900D8C46B /* geometry_util.cc */ = {isa = PBXFileReference; fileEncoding = 4; lastKnownFileType = sourcecode.cpp.cpp; path = geometry_util.cc; sourceTree = "<group>"; };
		CEB5055E21F2E2F900D8C46B /* main_message_loop_external_pump.h */ = {isa = PBXFileReference; fileEncoding = 4; lastKnownFileType = sourcecode.c.h; path = main_message_loop_external_pump.h; sourceTree = "<group>"; };
		CEB5055F21F2E2F900D8C46B /* client_app_browser.cc */ = {isa = PBXFileReference; fileEncoding = 4; lastKnownFileType = sourcecode.cpp.cpp; path = client_app_browser.cc; sourceTree = "<group>"; };
		CEB5056021F2E2F900D8C46B /* resource_util_mac.mm */ = {isa = PBXFileReference; fileEncoding = 4; lastKnownFileType = sourcecode.cpp.objcpp; path = resource_util_mac.mm; sourceTree = "<group>"; };
		CEB5056121F2E2F900D8C46B /* file_util.cc */ = {isa = PBXFileReference; fileEncoding = 4; lastKnownFileType = sourcecode.cpp.cpp; path = file_util.cc; sourceTree = "<group>"; };
		CEB5056221F2E2F900D8C46B /* main_message_loop_std.cc */ = {isa = PBXFileReference; fileEncoding = 4; lastKnownFileType = sourcecode.cpp.cpp; path = main_message_loop_std.cc; sourceTree = "<group>"; };
		CEB5056321F2E2F900D8C46B /* main_message_loop_external_pump_mac.mm */ = {isa = PBXFileReference; fileEncoding = 4; lastKnownFileType = sourcecode.cpp.objcpp; path = main_message_loop_external_pump_mac.mm; sourceTree = "<group>"; };
		CEB5056421F2E2F900D8C46B /* main_message_loop.h */ = {isa = PBXFileReference; fileEncoding = 4; lastKnownFileType = sourcecode.c.h; path = main_message_loop.h; sourceTree = "<group>"; };
		CEB5056521F2E2F900D8C46B /* main_message_loop.cc */ = {isa = PBXFileReference; fileEncoding = 4; lastKnownFileType = sourcecode.cpp.cpp; path = main_message_loop.cc; sourceTree = "<group>"; };
		CEB5056621F2E2F900D8C46B /* geometry_util.h */ = {isa = PBXFileReference; fileEncoding = 4; lastKnownFileType = sourcecode.c.h; path = geometry_util.h; sourceTree = "<group>"; };
		CEB5056721F2E2F900D8C46B /* resource_util.h */ = {isa = PBXFileReference; fileEncoding = 4; lastKnownFileType = sourcecode.c.h; path = resource_util.h; sourceTree = "<group>"; };
		CEB5056921F2E2F900D8C46B /* client_app_other.cc */ = {isa = PBXFileReference; fileEncoding = 4; lastKnownFileType = sourcecode.cpp.cpp; path = client_app_other.cc; sourceTree = "<group>"; };
		CEB5056A21F2E2F900D8C46B /* client_app.cc */ = {isa = PBXFileReference; fileEncoding = 4; lastKnownFileType = sourcecode.cpp.cpp; path = client_app.cc; sourceTree = "<group>"; };
		CEB5056B21F2E2F900D8C46B /* client_switches.cc */ = {isa = PBXFileReference; fileEncoding = 4; lastKnownFileType = sourcecode.cpp.cpp; path = client_switches.cc; sourceTree = "<group>"; };
		CEB5056C21F2E2F900D8C46B /* client_switches.h */ = {isa = PBXFileReference; fileEncoding = 4; lastKnownFileType = sourcecode.c.h; path = client_switches.h; sourceTree = "<group>"; };
		CEB5056D21F2E2F900D8C46B /* client_app_other.h */ = {isa = PBXFileReference; fileEncoding = 4; lastKnownFileType = sourcecode.c.h; path = client_app_other.h; sourceTree = "<group>"; };
		CEB5056E21F2E2F900D8C46B /* client_app.h */ = {isa = PBXFileReference; fileEncoding = 4; lastKnownFileType = sourcecode.c.h; path = client_app.h; sourceTree = "<group>"; };
		CEB5056F21F2E2F900D8C46B /* process_helper_mac.cc */ = {isa = PBXFileReference; fileEncoding = 4; lastKnownFileType = sourcecode.cpp.cpp; path = process_helper_mac.cc; sourceTree = "<group>"; };
		CEB5058521F2E31800D8C46B /* scheme_test_common.h */ = {isa = PBXFileReference; fileEncoding = 4; lastKnownFileType = sourcecode.c.h; path = scheme_test_common.h; sourceTree = "<group>"; };
		CEB5058621F2E31800D8C46B /* client_app_delegates_common.cc */ = {isa = PBXFileReference; fileEncoding = 4; lastKnownFileType = sourcecode.cpp.cpp; path = client_app_delegates_common.cc; sourceTree = "<group>"; };
		CEB5058721F2E31800D8C46B /* scheme_test_common.cc */ = {isa = PBXFileReference; fileEncoding = 4; lastKnownFileType = sourcecode.cpp.cpp; path = scheme_test_common.cc; sourceTree = "<group>"; };
		CEB5058B21F2E33200D8C46B /* client_renderer.cc */ = {isa = PBXFileReference; fileEncoding = 4; lastKnownFileType = sourcecode.cpp.cpp; path = client_renderer.cc; sourceTree = "<group>"; };
		CEB5058C21F2E33200D8C46B /* performance_test_setup.h */ = {isa = PBXFileReference; fileEncoding = 4; lastKnownFileType = sourcecode.c.h; path = performance_test_setup.h; sourceTree = "<group>"; };
		CEB5058D21F2E33200D8C46B /* performance_test.cc */ = {isa = PBXFileReference; fileEncoding = 4; lastKnownFileType = sourcecode.cpp.cpp; path = performance_test.cc; sourceTree = "<group>"; };
		CEB5058E21F2E33200D8C46B /* performance_test.h */ = {isa = PBXFileReference; fileEncoding = 4; lastKnownFileType = sourcecode.c.h; path = performance_test.h; sourceTree = "<group>"; };
		CEB5058F21F2E33200D8C46B /* performance_test_tests.cc */ = {isa = PBXFileReference; fileEncoding = 4; lastKnownFileType = sourcecode.cpp.cpp; path = performance_test_tests.cc; sourceTree = "<group>"; };
		CEB5059021F2E33200D8C46B /* client_renderer.h */ = {isa = PBXFileReference; fileEncoding = 4; lastKnownFileType = sourcecode.c.h; path = client_renderer.h; sourceTree = "<group>"; };
		CEB5059121F2E33200D8C46B /* client_app_delegates_renderer.cc */ = {isa = PBXFileReference; fileEncoding = 4; lastKnownFileType = sourcecode.cpp.cpp; path = client_app_delegates_renderer.cc; sourceTree = "<group>"; };
/* End PBXFileReference section */

/* Begin PBXFrameworksBuildPhase section */
		CEB504B221F2CDB700D8C46B /* Frameworks */ = {
			isa = PBXFrameworksBuildPhase;
			buildActionMask = 2147483647;
			files = (
			);
			runOnlyForDeploymentPostprocessing = 0;
		};
		CEB504CA21F2CDDB00D8C46B /* Frameworks */ = {
			isa = PBXFrameworksBuildPhase;
			buildActionMask = 2147483647;
			files = (
			);
			runOnlyForDeploymentPostprocessing = 0;
		};
/* End PBXFrameworksBuildPhase section */

/* Begin PBXGroup section */
		CEB504AC21F2CDB700D8C46B = {
			isa = PBXGroup;
			children = (
				CEB504B721F2CDB700D8C46B /* CEFLab */,
				CEB504CE21F2CDDC00D8C46B /* CEFLab Helper */,
				CEB504B621F2CDB700D8C46B /* Products */,
			);
			sourceTree = "<group>";
		};
		CEB504B621F2CDB700D8C46B /* Products */ = {
			isa = PBXGroup;
			children = (
				CEB504B521F2CDB700D8C46B /* CEFLab.app */,
				CEB504CD21F2CDDB00D8C46B /* CEFLab Helper.app */,
			);
			name = Products;
			sourceTree = "<group>";
		};
		CEB504B721F2CDB700D8C46B /* CEFLab */ = {
			isa = PBXGroup;
			children = (
				CEB5058A21F2E33200D8C46B /* renderer */,
				CEB5058421F2E31800D8C46B /* common */,
				CEB5054B21F2E2F900D8C46B /* shared */,
				CEB504E021F2E1B100D8C46B /* browser */,
				CEB504BB21F2CDB800D8C46B /* Assets.xcassets */,
				CEB504C021F2CDB800D8C46B /* Info.plist */,
				CEB504C121F2CDB800D8C46B /* main.mm */,
				CEB504C321F2CDB800D8C46B /* CEFLab.entitlements */,
			);
			path = CEFLab;
			sourceTree = "<group>";
		};
		CEB504CE21F2CDDC00D8C46B /* CEFLab Helper */ = {
			isa = PBXGroup;
			children = (
				CEB504DF21F2D1D200D8C46B /* CEFLab Helper.entitlements */,
				CEB504D221F2CDDC00D8C46B /* Assets.xcassets */,
				CEB504D721F2CDDC00D8C46B /* Info.plist */,
				CEB504D821F2CDDC00D8C46B /* main.mm */,
				CEB504DA21F2CDDC00D8C46B /* CEFLab_Helper.entitlements */,
			);
			path = "CEFLab Helper";
			sourceTree = "<group>";
		};
		CEB504E021F2E1B100D8C46B /* browser */ = {
			isa = PBXGroup;
			children = (
				CEB504E121F2E1B100D8C46B /* osr_renderer_settings.h */,
				CEB504E221F2E1B100D8C46B /* server_test.cc */,
				CEB504E321F2E1B100D8C46B /* client_handler_std.cc */,
				CEB504E421F2E1B100D8C46B /* text_input_client_osr_mac.mm */,
				CEB504E521F2E1B100D8C46B /* osr_accessibility_helper.h */,
				CEB504E621F2E1B100D8C46B /* osr_dragdrop_events.h */,
				CEB504E721F2E1B100D8C46B /* temp_window.h */,
				CEB504E821F2E1B100D8C46B /* browser_window_osr_mac.mm */,
				CEB504E921F2E1B100D8C46B /* osr_accessibility_node.cc */,
				CEB504EA21F2E1B100D8C46B /* client_app_delegates_browser.cc */,
				CEB504EB21F2E1B100D8C46B /* window_test.h */,
				CEB504EC21F2E1B100D8C46B /* test_runner.h */,
				CEB504ED21F2E1B100D8C46B /* browser_window_std_mac.mm */,
				CEB504EE21F2E1B100D8C46B /* client_browser.h */,
				CEB504EF21F2E1B100D8C46B /* window_test.cc */,
				CEB504F021F2E1B100D8C46B /* scheme_test.cc */,
				CEB504F121F2E1B100D8C46B /* main_context_impl_posix.cc */,
				CEB504F221F2E1B100D8C46B /* dialog_test.cc */,
				CEB504F321F2E1B100D8C46B /* binding_test.cc */,
				CEB504F421F2E1B100D8C46B /* image_cache.cc */,
				CEB504F521F2E1B100D8C46B /* preferences_test.h */,
				CEB504F621F2E1B100D8C46B /* root_window_mac.mm */,
				CEB504F721F2E1B100D8C46B /* osr_renderer.cc */,
				CEB504F821F2E1B100D8C46B /* urlrequest_test.cc */,
				CEB504F921F2E1B100D8C46B /* response_filter_test.h */,
				CEB504FA21F2E1B100D8C46B /* test_runner.cc */,
				CEB504FB21F2E1B100D8C46B /* drm_test.h */,
				CEB504FC21F2E1B100D8C46B /* dialog_test.h */,
				CEB504FD21F2E1B100D8C46B /* osr_accessibility_helper.cc */,
				CEB504FE21F2E1B100D8C46B /* root_window_create.cc */,
				CEB504FF21F2E1B100D8C46B /* server_test.h */,
				CEB5050021F2E1B100D8C46B /* root_window.cc */,
				CEB5050121F2E1B100D8C46B /* main_context.h */,
				CEB5050221F2E1B100D8C46B /* window_test_runner_mac.h */,
				CEB5050321F2E1B100D8C46B /* client_handler.h */,
				CEB5050421F2E1B100D8C46B /* client_handler.cc */,
				CEB5050521F2E1B100D8C46B /* response_filter_test.cc */,
				CEB5050621F2E1B100D8C46B /* client_handler_osr.h */,
				CEB5050721F2E1B100D8C46B /* root_window.h */,
				CEB5050821F2E1B100D8C46B /* temp_window_mac.mm */,
				CEB5050921F2E1B100D8C46B /* client_handler_std.h */,
				CEB5050A21F2E1B100D8C46B /* main_context_impl.cc */,
				CEB5050B21F2E1B100D8C46B /* urlrequest_test.h */,
				CEB5050C21F2E1B100D8C46B /* binding_test.h */,
				CEB5050D21F2E1B100D8C46B /* main_context_impl.h */,
				CEB5050E21F2E1B100D8C46B /* browser_window.cc */,
				CEB5050F21F2E1B100D8C46B /* window_test_runner.h */,
				CEB5051021F2E1B100D8C46B /* root_window_mac.h */,
				CEB5051121F2E1B100D8C46B /* window_test_runner.cc */,
				CEB5051221F2E1B100D8C46B /* drm_test.cc */,
				CEB5051321F2E1B100D8C46B /* osr_renderer.h */,
				CEB5051421F2E1B100D8C46B /* client_types.h */,
				CEB5051521F2E1B100D8C46B /* browser_window_osr_mac.h */,
				CEB5051621F2E1B100D8C46B /* resource.h */,
				CEB5051721F2E1B100D8C46B /* window_test_runner_mac.mm */,
				CEB5051821F2E1B100D8C46B /* image_cache.h */,
				CEB5051921F2E1B100D8C46B /* main_context.cc */,
				CEB5051A21F2E1B100D8C46B /* temp_window_mac.h */,
				CEB5051B21F2E1B100D8C46B /* text_input_client_osr_mac.h */,
				CEB5051C21F2E1B100D8C46B /* bytes_write_handler.h */,
				CEB5051D21F2E1B100D8C46B /* client_browser.cc */,
				CEB5051E21F2E1B100D8C46B /* client_handler_osr.cc */,
				CEB5051F21F2E1B100D8C46B /* osr_accessibility_node_mac.mm */,
				CEB5052021F2E1B100D8C46B /* browser_window.h */,
				CEB5052121F2E1B100D8C46B /* browser_window_std_mac.h */,
				CEB5052221F2E1B100D8C46B /* scheme_test.h */,
				CEB5052321F2E1B100D8C46B /* bytes_write_handler.cc */,
				CEB5052421F2E1B100D8C46B /* osr_accessibility_node.h */,
				CEB5052521F2E1B100D8C46B /* preferences_test.cc */,
				CEB5052621F2E1B100D8C46B /* root_window_manager.h */,
				CEB5052721F2E1B100D8C46B /* root_window_manager.cc */,
			);
			path = browser;
			sourceTree = "<group>";
		};
		CEB5054B21F2E2F900D8C46B /* shared */ = {
			isa = PBXGroup;
			children = (
				CEB5054C21F2E2F900D8C46B /* renderer */,
				CEB5054F21F2E2F900D8C46B /* resources */,
				CEB5055521F2E2F900D8C46B /* browser */,
				CEB5056821F2E2F900D8C46B /* common */,
				CEB5056F21F2E2F900D8C46B /* process_helper_mac.cc */,
			);
			path = shared;
			sourceTree = "<group>";
		};
		CEB5054C21F2E2F900D8C46B /* renderer */ = {
			isa = PBXGroup;
			children = (
				CEB5054D21F2E2F900D8C46B /* client_app_renderer.h */,
				CEB5054E21F2E2F900D8C46B /* client_app_renderer.cc */,
			);
			path = renderer;
			sourceTree = "<group>";
		};
		CEB5054F21F2E2F900D8C46B /* resources */ = {
			isa = PBXGroup;
			children = (
				CEB5055021F2E2F900D8C46B /* pdf.html */,
				CEB5055121F2E2F900D8C46B /* window_icon.1x.png */,
				CEB5055221F2E2F900D8C46B /* window_icon.2x.png */,
				CEB5055321F2E2F900D8C46B /* osr_test.html */,
				CEB5055421F2E2F900D8C46B /* pdf.pdf */,
			);
			path = resources;
			sourceTree = "<group>";
		};
		CEB5055521F2E2F900D8C46B /* browser */ = {
			isa = PBXGroup;
			children = (
				CEB5055621F2E2F900D8C46B /* main_message_loop_external_pump.cc */,
				CEB5055721F2E2F900D8C46B /* main_message_loop_std.h */,
				CEB5055821F2E2F900D8C46B /* extension_util.h */,
				CEB5055921F2E2F900D8C46B /* client_app_browser.h */,
				CEB5055A21F2E2F900D8C46B /* resource_util_posix.cc */,
				CEB5055B21F2E2F900D8C46B /* file_util.h */,
				CEB5055C21F2E2F900D8C46B /* extension_util.cc */,
				CEB5055D21F2E2F900D8C46B /* geometry_util.cc */,
				CEB5055E21F2E2F900D8C46B /* main_message_loop_external_pump.h */,
				CEB5055F21F2E2F900D8C46B /* client_app_browser.cc */,
				CEB5056021F2E2F900D8C46B /* resource_util_mac.mm */,
				CEB5056121F2E2F900D8C46B /* file_util.cc */,
				CEB5056221F2E2F900D8C46B /* main_message_loop_std.cc */,
				CEB5056321F2E2F900D8C46B /* main_message_loop_external_pump_mac.mm */,
				CEB5056421F2E2F900D8C46B /* main_message_loop.h */,
				CEB5056521F2E2F900D8C46B /* main_message_loop.cc */,
				CEB5056621F2E2F900D8C46B /* geometry_util.h */,
				CEB5056721F2E2F900D8C46B /* resource_util.h */,
			);
			path = browser;
			sourceTree = "<group>";
		};
		CEB5056821F2E2F900D8C46B /* common */ = {
			isa = PBXGroup;
			children = (
				CEB5056921F2E2F900D8C46B /* client_app_other.cc */,
				CEB5056A21F2E2F900D8C46B /* client_app.cc */,
				CEB5056B21F2E2F900D8C46B /* client_switches.cc */,
				CEB5056C21F2E2F900D8C46B /* client_switches.h */,
				CEB5056D21F2E2F900D8C46B /* client_app_other.h */,
				CEB5056E21F2E2F900D8C46B /* client_app.h */,
			);
			path = common;
			sourceTree = "<group>";
		};
		CEB5058421F2E31800D8C46B /* common */ = {
			isa = PBXGroup;
			children = (
				CEB5058521F2E31800D8C46B /* scheme_test_common.h */,
				CEB5058621F2E31800D8C46B /* client_app_delegates_common.cc */,
				CEB5058721F2E31800D8C46B /* scheme_test_common.cc */,
			);
			path = common;
			sourceTree = "<group>";
		};
		CEB5058A21F2E33200D8C46B /* renderer */ = {
			isa = PBXGroup;
			children = (
				CEB5058B21F2E33200D8C46B /* client_renderer.cc */,
				CEB5058C21F2E33200D8C46B /* performance_test_setup.h */,
				CEB5058D21F2E33200D8C46B /* performance_test.cc */,
				CEB5058E21F2E33200D8C46B /* performance_test.h */,
				CEB5058F21F2E33200D8C46B /* performance_test_tests.cc */,
				CEB5059021F2E33200D8C46B /* client_renderer.h */,
				CEB5059121F2E33200D8C46B /* client_app_delegates_renderer.cc */,
			);
			path = renderer;
			sourceTree = "<group>";
		};
/* End PBXGroup section */

/* Begin PBXNativeTarget section */
		CEB504B421F2CDB700D8C46B /* CEFLab */ = {
			isa = PBXNativeTarget;
			buildConfigurationList = CEB504C621F2CDB800D8C46B /* Build configuration list for PBXNativeTarget "CEFLab" */;
			buildPhases = (
				CEB504B121F2CDB700D8C46B /* Sources */,
				CEB504B221F2CDB700D8C46B /* Frameworks */,
				CEB504B321F2CDB700D8C46B /* Resources */,
				CEB504DE21F2CEEF00D8C46B /* ShellScript */,
			);
			buildRules = (
			);
			dependencies = (
			);
			name = CEFLab;
			productName = CEFLab;
			productReference = CEB504B521F2CDB700D8C46B /* CEFLab.app */;
			productType = "com.apple.product-type.application";
		};
		CEB504CC21F2CDDB00D8C46B /* CEFLab Helper */ = {
			isa = PBXNativeTarget;
			buildConfigurationList = CEB504DB21F2CDDC00D8C46B /* Build configuration list for PBXNativeTarget "CEFLab Helper" */;
			buildPhases = (
				CEB504C921F2CDDB00D8C46B /* Sources */,
				CEB504CA21F2CDDB00D8C46B /* Frameworks */,
				CEB504CB21F2CDDB00D8C46B /* Resources */,
			);
			buildRules = (
			);
			dependencies = (
			);
			name = "CEFLab Helper";
			productName = "CEFLab Helper";
			productReference = CEB504CD21F2CDDB00D8C46B /* CEFLab Helper.app */;
			productType = "com.apple.product-type.application";
		};
/* End PBXNativeTarget section */

/* Begin PBXProject section */
		CEB504AD21F2CDB700D8C46B /* Project object */ = {
			isa = PBXProject;
			attributes = {
				LastUpgradeCheck = 1010;
				ORGANIZATIONNAME = kztool;
				TargetAttributes = {
					CEB504B421F2CDB700D8C46B = {
						CreatedOnToolsVersion = 10.1;
						SystemCapabilities = {
							com.apple.Sandbox = {
								enabled = 1;
							};
						};
					};
					CEB504CC21F2CDDB00D8C46B = {
						CreatedOnToolsVersion = 10.1;
						SystemCapabilities = {
							com.apple.Sandbox = {
								enabled = 1;
							};
						};
					};
				};
			};
			buildConfigurationList = CEB504B021F2CDB700D8C46B /* Build configuration list for PBXProject "CEFLab" */;
			compatibilityVersion = "Xcode 9.3";
			developmentRegion = en;
			hasScannedForEncodings = 0;
			knownRegions = (
				en,
				Base,
			);
			mainGroup = CEB504AC21F2CDB700D8C46B;
			productRefGroup = CEB504B621F2CDB700D8C46B /* Products */;
			projectDirPath = "";
			projectRoot = "";
			targets = (
				CEB504B421F2CDB700D8C46B /* CEFLab */,
				CEB504CC21F2CDDB00D8C46B /* CEFLab Helper */,
			);
		};
/* End PBXProject section */

/* Begin PBXResourcesBuildPhase section */
		CEB504B321F2CDB700D8C46B /* Resources */ = {
			isa = PBXResourcesBuildPhase;
			buildActionMask = 2147483647;
			files = (
				CEB504BC21F2CDB800D8C46B /* Assets.xcassets in Resources */,
				CEB5057321F2E2F900D8C46B /* window_icon.2x.png in Resources */,
				CEB5057421F2E2F900D8C46B /* osr_test.html in Resources */,
				CEB5057521F2E2F900D8C46B /* pdf.pdf in Resources */,
				CEB5057221F2E2F900D8C46B /* window_icon.1x.png in Resources */,
				CEB5057121F2E2F900D8C46B /* pdf.html in Resources */,
			);
			runOnlyForDeploymentPostprocessing = 0;
		};
		CEB504CB21F2CDDB00D8C46B /* Resources */ = {
			isa = PBXResourcesBuildPhase;
			buildActionMask = 2147483647;
			files = (
				CEB504D321F2CDDC00D8C46B /* Assets.xcassets in Resources */,
			);
			runOnlyForDeploymentPostprocessing = 0;
		};
/* End PBXResourcesBuildPhase section */

/* Begin PBXShellScriptBuildPhase section */
		CEB504DE21F2CEEF00D8C46B /* ShellScript */ = {
			isa = PBXShellScriptBuildPhase;
			buildActionMask = 2147483647;
			files = (
			);
			inputFileListPaths = (
			);
			inputPaths = (
			);
			outputFileListPaths = (
			);
			outputPaths = (
			);
			runOnlyForDeploymentPostprocessing = 0;
			shellPath = /bin/sh;
			shellScript = "Contents=\"${BUILT_PRODUCTS_DIR}/${TARGET_NAME}.app/Contents\"\nrm -rf \"${Contents}/Frameworks\"\nmkdir -p \"${Contents}/Frameworks\"\ncp -r \"${SRCROOT}/libcef/${CONFIGURATION}/Chromium Embedded Framework.framework\" \"${Contents}/Frameworks/\"\ncp -r \"${SRCROOT}/Carthage/Build/Mac/CocoaLumberjack.framework\" \"${Contents}/Frameworks/\"\ncp -r \"${SRCROOT}/Carthage/Build/Mac/SVGKit.framework\" \"${Contents}/Frameworks/\"\ncp -r \"${BUILT_PRODUCTS_DIR}/${TARGET_NAME} Helper.app\" \"${Contents}/Frameworks/\"\n";
		};
/* End PBXShellScriptBuildPhase section */

/* Begin PBXSourcesBuildPhase section */
		CEB504B121F2CDB700D8C46B /* Sources */ = {
			isa = PBXSourcesBuildPhase;
			buildActionMask = 2147483647;
			files = (
				CEB5052821F2E1B100D8C46B /* server_test.cc in Sources */,
				CEB5053921F2E1B100D8C46B /* osr_accessibility_helper.cc in Sources */,
				CEB5058821F2E31800D8C46B /* client_app_delegates_common.cc in Sources */,
				CEB5052A21F2E1B100D8C46B /* text_input_client_osr_mac.mm in Sources */,
				CEB5057B21F2E2F900D8C46B /* resource_util_mac.mm in Sources */,
				CEB5058921F2E31800D8C46B /* scheme_test_common.cc in Sources */,
				CEB5053021F2E1B100D8C46B /* scheme_test.cc in Sources */,
				CEB5053821F2E1B100D8C46B /* test_runner.cc in Sources */,
				CEB5053D21F2E1B100D8C46B /* response_filter_test.cc in Sources */,
				CEB5058021F2E2F900D8C46B /* client_app_other.cc in Sources */,
				CEB5052921F2E1B100D8C46B /* client_handler_std.cc in Sources */,
				CEB5053E21F2E1B100D8C46B /* temp_window_mac.mm in Sources */,
				CEB5053521F2E1B100D8C46B /* root_window_mac.mm in Sources */,
				CEB5053F21F2E1B100D8C46B /* main_context_impl.cc in Sources */,
				CEB5058321F2E2F900D8C46B /* process_helper_mac.cc in Sources */,
				CEB5054021F2E1B100D8C46B /* browser_window.cc in Sources */,
				CEB5057F21F2E2F900D8C46B /* main_message_loop.cc in Sources */,
				CEB5059321F2E33200D8C46B /* performance_test.cc in Sources */,
				CEB5059221F2E33200D8C46B /* client_renderer.cc in Sources */,
				CEB5054A21F2E1B100D8C46B /* root_window_manager.cc in Sources */,
				CEB5052B21F2E1B100D8C46B /* browser_window_osr_mac.mm in Sources */,
				CEB5057921F2E2F900D8C46B /* geometry_util.cc in Sources */,
				CEB5054121F2E1B100D8C46B /* window_test_runner.cc in Sources */,
				CEB5053321F2E1B100D8C46B /* binding_test.cc in Sources */,
				CEB5059421F2E33200D8C46B /* performance_test_tests.cc in Sources */,
				CEB5057621F2E2F900D8C46B /* main_message_loop_external_pump.cc in Sources */,
				CEB5053421F2E1B100D8C46B /* image_cache.cc in Sources */,
				CEB504C221F2CDB800D8C46B /* main.mm in Sources */,
				CEB5054321F2E1B100D8C46B /* window_test_runner_mac.mm in Sources */,
				CEB5052C21F2E1B100D8C46B /* osr_accessibility_node.cc in Sources */,
				CEB5054221F2E1B100D8C46B /* drm_test.cc in Sources */,
				CEB5053121F2E1B100D8C46B /* main_context_impl_posix.cc in Sources */,
				CEB5053C21F2E1B100D8C46B /* client_handler.cc in Sources */,
				CEB5057E21F2E2F900D8C46B /* main_message_loop_external_pump_mac.mm in Sources */,
				CEB5057721F2E2F900D8C46B /* resource_util_posix.cc in Sources */,
				CEB5052E21F2E1B100D8C46B /* browser_window_std_mac.mm in Sources */,
				CEB5053221F2E1B100D8C46B /* dialog_test.cc in Sources */,
				CEB5057021F2E2F900D8C46B /* client_app_renderer.cc in Sources */,
				CEB5053A21F2E1B100D8C46B /* root_window_create.cc in Sources */,
				CEB5054621F2E1B100D8C46B /* client_handler_osr.cc in Sources */,
				CEB5057D21F2E2F900D8C46B /* main_message_loop_std.cc in Sources */,
				CEB5053621F2E1B100D8C46B /* osr_renderer.cc in Sources */,
				CEB5052F21F2E1B100D8C46B /* window_test.cc in Sources */,
				CEB5057821F2E2F900D8C46B /* extension_util.cc in Sources */,
				CEB5052D21F2E1B100D8C46B /* client_app_delegates_browser.cc in Sources */,
				CEB5053721F2E1B100D8C46B /* urlrequest_test.cc in Sources */,
				CEB5054421F2E1B100D8C46B /* main_context.cc in Sources */,
				CEB5054821F2E1B100D8C46B /* bytes_write_handler.cc in Sources */,
				CEB5058221F2E2F900D8C46B /* client_switches.cc in Sources */,
				CEB5054921F2E1B100D8C46B /* preferences_test.cc in Sources */,
				CEB5053B21F2E1B100D8C46B /* root_window.cc in Sources */,
				CEB5059521F2E33200D8C46B /* client_app_delegates_renderer.cc in Sources */,
				CEB5054721F2E1B100D8C46B /* osr_accessibility_node_mac.mm in Sources */,
				CEB5057C21F2E2F900D8C46B /* file_util.cc in Sources */,
				CEB5058121F2E2F900D8C46B /* client_app.cc in Sources */,
				CEB5054521F2E1B100D8C46B /* client_browser.cc in Sources */,
				CEB5057A21F2E2F900D8C46B /* client_app_browser.cc in Sources */,
			);
			runOnlyForDeploymentPostprocessing = 0;
		};
		CEB504C921F2CDDB00D8C46B /* Sources */ = {
			isa = PBXSourcesBuildPhase;
			buildActionMask = 2147483647;
			files = (
				CEB504D921F2CDDC00D8C46B /* main.mm in Sources */,
			);
			runOnlyForDeploymentPostprocessing = 0;
		};
/* End PBXSourcesBuildPhase section */

/* Begin XCBuildConfiguration section */
		CEB504C421F2CDB800D8C46B /* Debug */ = {
			isa = XCBuildConfiguration;
			buildSettings = {
				ALWAYS_SEARCH_USER_PATHS = NO;
				CLANG_ANALYZER_NONNULL = YES;
				CLANG_ANALYZER_NUMBER_OBJECT_CONVERSION = YES_AGGRESSIVE;
				CLANG_CXX_LANGUAGE_STANDARD = "gnu++14";
				CLANG_CXX_LIBRARY = "libc++";
				CLANG_ENABLE_MODULES = YES;
				CLANG_ENABLE_OBJC_ARC = YES;
				CLANG_ENABLE_OBJC_WEAK = YES;
				CLANG_WARN_BLOCK_CAPTURE_AUTORELEASING = YES;
				CLANG_WARN_BOOL_CONVERSION = YES;
				CLANG_WARN_COMMA = YES;
				CLANG_WARN_CONSTANT_CONVERSION = YES;
				CLANG_WARN_DEPRECATED_OBJC_IMPLEMENTATIONS = YES;
				CLANG_WARN_DIRECT_OBJC_ISA_USAGE = YES_ERROR;
				CLANG_WARN_DOCUMENTATION_COMMENTS = YES;
				CLANG_WARN_EMPTY_BODY = YES;
				CLANG_WARN_ENUM_CONVERSION = YES;
				CLANG_WARN_INFINITE_RECURSION = YES;
				CLANG_WARN_INT_CONVERSION = YES;
				CLANG_WARN_NON_LITERAL_NULL_CONVERSION = YES;
				CLANG_WARN_OBJC_IMPLICIT_RETAIN_SELF = YES;
				CLANG_WARN_OBJC_LITERAL_CONVERSION = YES;
				CLANG_WARN_OBJC_ROOT_CLASS = YES_ERROR;
				CLANG_WARN_RANGE_LOOP_ANALYSIS = YES;
				CLANG_WARN_STRICT_PROTOTYPES = YES;
				CLANG_WARN_SUSPICIOUS_MOVE = YES;
				CLANG_WARN_UNGUARDED_AVAILABILITY = YES_AGGRESSIVE;
				CLANG_WARN_UNREACHABLE_CODE = YES;
				CLANG_WARN__DUPLICATE_METHOD_MATCH = YES;
				CODE_SIGN_IDENTITY = "-";
				COPY_PHASE_STRIP = NO;
				DEBUG_INFORMATION_FORMAT = dwarf;
				ENABLE_STRICT_OBJC_MSGSEND = YES;
				ENABLE_TESTABILITY = YES;
				GCC_C_LANGUAGE_STANDARD = gnu11;
				GCC_DYNAMIC_NO_PIC = NO;
				GCC_NO_COMMON_BLOCKS = YES;
				GCC_OPTIMIZATION_LEVEL = 0;
				GCC_PREPROCESSOR_DEFINITIONS = (
					"DEBUG=1",
					"$(inherited)",
				);
				GCC_WARN_64_TO_32_BIT_CONVERSION = YES;
				GCC_WARN_ABOUT_RETURN_TYPE = YES_ERROR;
				GCC_WARN_UNDECLARED_SELECTOR = YES;
				GCC_WARN_UNINITIALIZED_AUTOS = YES_AGGRESSIVE;
				GCC_WARN_UNUSED_FUNCTION = YES;
				GCC_WARN_UNUSED_VARIABLE = YES;
				MACOSX_DEPLOYMENT_TARGET = 10.14;
				MTL_ENABLE_DEBUG_INFO = INCLUDE_SOURCE;
				MTL_FAST_MATH = YES;
				ONLY_ACTIVE_ARCH = YES;
				SDKROOT = macosx;
			};
			name = Debug;
		};
		CEB504C521F2CDB800D8C46B /* Release */ = {
			isa = XCBuildConfiguration;
			buildSettings = {
				ALWAYS_SEARCH_USER_PATHS = NO;
				CLANG_ANALYZER_NONNULL = YES;
				CLANG_ANALYZER_NUMBER_OBJECT_CONVERSION = YES_AGGRESSIVE;
				CLANG_CXX_LANGUAGE_STANDARD = "gnu++14";
				CLANG_CXX_LIBRARY = "libc++";
				CLANG_ENABLE_MODULES = YES;
				CLANG_ENABLE_OBJC_ARC = YES;
				CLANG_ENABLE_OBJC_WEAK = YES;
				CLANG_WARN_BLOCK_CAPTURE_AUTORELEASING = YES;
				CLANG_WARN_BOOL_CONVERSION = YES;
				CLANG_WARN_COMMA = YES;
				CLANG_WARN_CONSTANT_CONVERSION = YES;
				CLANG_WARN_DEPRECATED_OBJC_IMPLEMENTATIONS = YES;
				CLANG_WARN_DIRECT_OBJC_ISA_USAGE = YES_ERROR;
				CLANG_WARN_DOCUMENTATION_COMMENTS = YES;
				CLANG_WARN_EMPTY_BODY = YES;
				CLANG_WARN_ENUM_CONVERSION = YES;
				CLANG_WARN_INFINITE_RECURSION = YES;
				CLANG_WARN_INT_CONVERSION = YES;
				CLANG_WARN_NON_LITERAL_NULL_CONVERSION = YES;
				CLANG_WARN_OBJC_IMPLICIT_RETAIN_SELF = YES;
				CLANG_WARN_OBJC_LITERAL_CONVERSION = YES;
				CLANG_WARN_OBJC_ROOT_CLASS = YES_ERROR;
				CLANG_WARN_RANGE_LOOP_ANALYSIS = YES;
				CLANG_WARN_STRICT_PROTOTYPES = YES;
				CLANG_WARN_SUSPICIOUS_MOVE = YES;
				CLANG_WARN_UNGUARDED_AVAILABILITY = YES_AGGRESSIVE;
				CLANG_WARN_UNREACHABLE_CODE = YES;
				CLANG_WARN__DUPLICATE_METHOD_MATCH = YES;
				CODE_SIGN_IDENTITY = "-";
				COPY_PHASE_STRIP = NO;
				DEBUG_INFORMATION_FORMAT = "dwarf-with-dsym";
				ENABLE_NS_ASSERTIONS = NO;
				ENABLE_STRICT_OBJC_MSGSEND = YES;
				GCC_C_LANGUAGE_STANDARD = gnu11;
				GCC_NO_COMMON_BLOCKS = YES;
				GCC_WARN_64_TO_32_BIT_CONVERSION = YES;
				GCC_WARN_ABOUT_RETURN_TYPE = YES_ERROR;
				GCC_WARN_UNDECLARED_SELECTOR = YES;
				GCC_WARN_UNINITIALIZED_AUTOS = YES_AGGRESSIVE;
				GCC_WARN_UNUSED_FUNCTION = YES;
				GCC_WARN_UNUSED_VARIABLE = YES;
				MACOSX_DEPLOYMENT_TARGET = 10.14;
				MTL_ENABLE_DEBUG_INFO = NO;
				MTL_FAST_MATH = YES;
				SDKROOT = macosx;
			};
			name = Release;
		};
		CEB504C721F2CDB800D8C46B /* Debug */ = {
			isa = XCBuildConfiguration;
			buildSettings = {
				ASSETCATALOG_COMPILER_APPICON_NAME = AppIcon;
				CLANG_ENABLE_OBJC_ARC = NO;
				CLANG_ENABLE_OBJC_WEAK = NO;
				CLANG_WARN_COMMA = NO;
				CODE_SIGN_ENTITLEMENTS = CEFLab/CEFLab.entitlements;
				CODE_SIGN_IDENTITY = "";
				CODE_SIGN_INJECT_BASE_ENTITLEMENTS = NO;
				CODE_SIGN_STYLE = Manual;
				COMBINE_HIDPI_IMAGES = YES;
				HEADER_SEARCH_PATHS = (
					"$(SRCROOT)/libcef",
					"$(SRCROOT)/$(TARGET_NAME)",
				);
				INFOPLIST_FILE = CEFLab/Info.plist;
				LD_RUNPATH_SEARCH_PATHS = (
					"$(inherited)",
					"@executable_path/../Frameworks",
				);
				OTHER_LDFLAGS = (
					"-framework",
					Cocoa,
					"-framework",
					OpenGL,
					"$(SRCROOT)/libcef/$(CONFIGURATION)/libcef_dll_wrapper.a",
					"$(SRCROOT)/libcef/$(CONFIGURATION)/cef_sandbox.a",
				);
				PRODUCT_BUNDLE_IDENTIFIER = com.kztool.dev.CEFLab;
				PRODUCT_NAME = "$(TARGET_NAME)";
				WARNING_CFLAGS = (
					"'-mmacosx-version-min=10.11'",
					"-Wno-narrowing",
				);
			};
			name = Debug;
		};
		CEB504C821F2CDB800D8C46B /* Release */ = {
			isa = XCBuildConfiguration;
			buildSettings = {
				ASSETCATALOG_COMPILER_APPICON_NAME = AppIcon;
				CLANG_ENABLE_OBJC_ARC = NO;
				CLANG_ENABLE_OBJC_WEAK = NO;
				CLANG_WARN_COMMA = NO;
				CODE_SIGN_ENTITLEMENTS = CEFLab/CEFLab.entitlements;
				CODE_SIGN_IDENTITY = "";
				CODE_SIGN_INJECT_BASE_ENTITLEMENTS = NO;
				CODE_SIGN_STYLE = Manual;
				COMBINE_HIDPI_IMAGES = YES;
				HEADER_SEARCH_PATHS = (
					"$(SRCROOT)/libcef",
					"$(SRCROOT)/$(TARGET_NAME)",
				);
				INFOPLIST_FILE = CEFLab/Info.plist;
				LD_RUNPATH_SEARCH_PATHS = (
					"$(inherited)",
					"@executable_path/../Frameworks",
				);
				OTHER_LDFLAGS = (
					"-framework",
					Cocoa,
					"$(SRCROOT)/libcef/$(CONFIGURATION)/libcef_dll_wrapper.a",
					"$(SRCROOT)/libcef/$(CONFIGURATION)/cef_sandbox.a",
				);
				PRODUCT_BUNDLE_IDENTIFIER = com.kztool.dev.CEFLab;
				PRODUCT_NAME = "$(TARGET_NAME)";
				WARNING_CFLAGS = (
					"'-mmacosx-version-min=10.11'",
					"-Wno-narrowing",
				);
			};
			name = Release;
		};
		CEB504DC21F2CDDC00D8C46B /* Debug */ = {
			isa = XCBuildConfiguration;
			buildSettings = {
				ASSETCATALOG_COMPILER_APPICON_NAME = AppIcon;
				CLANG_WARN_COMMA = NO;
				CODE_SIGN_ENTITLEMENTS = "CEFLab Helper/CEFLab Helper.entitlements";
				CODE_SIGN_IDENTITY = "";
				CODE_SIGN_INJECT_BASE_ENTITLEMENTS = NO;
				CODE_SIGN_STYLE = Manual;
				COMBINE_HIDPI_IMAGES = YES;
				HEADER_SEARCH_PATHS = "$(SRCROOT)/libcef ";
				INFOPLIST_FILE = "CEFLab Helper/Info.plist";
				LD_RUNPATH_SEARCH_PATHS = (
					"$(inherited)",
					"@executable_path/../Frameworks",
				);
				OTHER_LDFLAGS = (
					"-framework",
					Cocoa,
					"$(SRCROOT)/libcef/$(CONFIGURATION)/libcef_dll_wrapper.a",
					"$(SRCROOT)/libcef/$(CONFIGURATION)/cef_sandbox.a",
				);
				PRODUCT_BUNDLE_IDENTIFIER = "com.kztool.dev.CEFLab-Helper";
				PRODUCT_NAME = "$(TARGET_NAME)";
				WARNING_CFLAGS = "'-mmacosx-version-min=10.11' ";
			};
			name = Debug;
		};
		CEB504DD21F2CDDC00D8C46B /* Release */ = {
			isa = XCBuildConfiguration;
			buildSettings = {
				ASSETCATALOG_COMPILER_APPICON_NAME = AppIcon;
				CLANG_WARN_COMMA = NO;
				CODE_SIGN_ENTITLEMENTS = "CEFLab Helper/CEFLab Helper.entitlements";
				CODE_SIGN_IDENTITY = "";
				CODE_SIGN_INJECT_BASE_ENTITLEMENTS = NO;
				CODE_SIGN_STYLE = Manual;
				COMBINE_HIDPI_IMAGES = YES;
				HEADER_SEARCH_PATHS = "$(SRCROOT)/libcef ";
				INFOPLIST_FILE = "CEFLab Helper/Info.plist";
				LD_RUNPATH_SEARCH_PATHS = (
					"$(inherited)",
					"@executable_path/../Frameworks",
				);
				OTHER_LDFLAGS = (
					"-framework",
					Cocoa,
					"$(SRCROOT)/libcef/$(CONFIGURATION)/libcef_dll_wrapper.a",
					"$(SRCROOT)/libcef/$(CONFIGURATION)/cef_sandbox.a",
				);
				PRODUCT_BUNDLE_IDENTIFIER = "com.kztool.dev.CEFLab-Helper";
				PRODUCT_NAME = "$(TARGET_NAME)";
				WARNING_CFLAGS = "'-mmacosx-version-min=10.11' ";
			};
			name = Release;
		};
/* End XCBuildConfiguration section */

/* Begin XCConfigurationList section */
		CEB504B021F2CDB700D8C46B /* Build configuration list for PBXProject "CEFLab" */ = {
			isa = XCConfigurationList;
			buildConfigurations = (
				CEB504C421F2CDB800D8C46B /* Debug */,
				CEB504C521F2CDB800D8C46B /* Release */,
			);
			defaultConfigurationIsVisible = 0;
			defaultConfigurationName = Release;
		};
		CEB504C621F2CDB800D8C46B /* Build configuration list for PBXNativeTarget "CEFLab" */ = {
			isa = XCConfigurationList;
			buildConfigurations = (
				CEB504C721F2CDB800D8C46B /* Debug */,
				CEB504C821F2CDB800D8C46B /* Release */,
			);
			defaultConfigurationIsVisible = 0;
			defaultConfigurationName = Release;
		};
		CEB504DB21F2CDDC00D8C46B /* Build configuration list for PBXNativeTarget "CEFLab Helper" */ = {
			isa = XCConfigurationList;
			buildConfigurations = (
				CEB504DC21F2CDDC00D8C46B /* Debug */,
				CEB504DD21F2CDDC00D8C46B /* Release */,
			);
			defaultConfigurationIsVisible = 0;
			defaultConfigurationName = Release;
		};
/* End XCConfigurationList section */
	};
	rootObject = CEB504AD21F2CDB700D8C46B /* Project object */;
}
